// !$*UTF8*$!
{
	archiveVersion = 1;
	classes = {
	};
	objectVersion = 46;
	objects = {

/* Begin PBXBuildFile section */
		0409B6F21892B763000C6DF6 /* Day+TripDay.m in Sources */ = {isa = PBXBuildFile; fileRef = 0409B6F11892B763000C6DF6 /* Day+TripDay.m */; };
		0409B6F51893BEAE000C6DF6 /* AddDayTVC.m in Sources */ = {isa = PBXBuildFile; fileRef = 0409B6F41893BEAE000C6DF6 /* AddDayTVC.m */; };
		040A631F188ADB7B0084A3EC /* CoreDataTableViewCell.m in Sources */ = {isa = PBXBuildFile; fileRef = 040A631E188ADB7B0084A3EC /* CoreDataTableViewCell.m */; };
		040A6325188ADE480084A3EC /* TripDaysTVC.m in Sources */ = {isa = PBXBuildFile; fileRef = 040A6324188ADE480084A3EC /* TripDaysTVC.m */; };
		04858D4018AA63F000A81340 /* DayDetailTVC.m in Sources */ = {isa = PBXBuildFile; fileRef = 04858D3F18AA63F000A81340 /* DayDetailTVC.m */; };
		04A04665188A4B5D00D98809 /* AddReceiptTVC.m in Sources */ = {isa = PBXBuildFile; fileRef = 04A04664188A4B5D00D98809 /* AddReceiptTVC.m */; };
		04ED46F018A64CAF004EA22E /* Trip+Days.m in Sources */ = {isa = PBXBuildFile; fileRef = 04ED46EF18A64CAF004EA22E /* Trip+Days.m */; };
		180A506A1914EFE40053A9F0 /* NWCustCellSwitch.xib in Resources */ = {isa = PBXBuildFile; fileRef = 180A50691914EFE40053A9F0 /* NWCustCellSwitch.xib */; };
		183412D519270D320082AB76 /* GroupDetailTVC.m in Sources */ = {isa = PBXBuildFile; fileRef = 183412D419270D320082AB76 /* GroupDetailTVC.m */; };
		1859D0FE18F00AD200C93338 /* SelectGuysCDTVC.m in Sources */ = {isa = PBXBuildFile; fileRef = 1859D0FD18F00AD200C93338 /* SelectGuysCDTVC.m */; };
		1863F9CD190B681D0033AECF /* AddGroupTVC.m in Sources */ = {isa = PBXBuildFile; fileRef = 1863F9CC190B681D0033AECF /* AddGroupTVC.m */; };
		1863F9D0190BAFC80033AECF /* Trip+Group.m in Sources */ = {isa = PBXBuildFile; fileRef = 1863F9CF190BAFC80033AECF /* Trip+Group.m */; };
		1869ACF31914F19600BF8547 /* NWCustCellSwitch.m in Sources */ = {isa = PBXBuildFile; fileRef = 1869ACF21914F19600BF8547 /* NWCustCellSwitch.m */; };
		186C1B281927378E00C87DE7 /* GuyInTrip+Group.m in Sources */ = {isa = PBXBuildFile; fileRef = 186C1B271927378E00C87DE7 /* GuyInTrip+Group.m */; };
		186C1B2B1927395D00C87DE7 /* Group+Special.m in Sources */ = {isa = PBXBuildFile; fileRef = 186C1B2A1927395D00C87DE7 /* Group+Special.m */; };
		18B8143F18E6E9740089BF0B /* AddGuyTVC.m in Sources */ = {isa = PBXBuildFile; fileRef = 18B8143E18E6E9740089BF0B /* AddGuyTVC.m */; };
		18B8144218E6E9B80089BF0B /* GuysCDTVC.m in Sources */ = {isa = PBXBuildFile; fileRef = 18B8144118E6E9B80089BF0B /* GuysCDTVC.m */; };
		18DE117C18F97F72003F3083 /* GuyInTrip.m in Sources */ = {isa = PBXBuildFile; fileRef = 18DE117B18F97F72003F3083 /* GuyInTrip.m */; };
		18DE117F18F97F72003F3083 /* Guy.m in Sources */ = {isa = PBXBuildFile; fileRef = 18DE117E18F97F72003F3083 /* Guy.m */; };
		18DF963619024EF30051366D /* GuysInTripCDTVC.m in Sources */ = {isa = PBXBuildFile; fileRef = 18DF963519024EF30051366D /* GuysInTripCDTVC.m */; };
		BF6179B71930A3560016D235 /* NWCustAdMobTabBarController.m in Sources */ = {isa = PBXBuildFile; fileRef = BF6179B61930A3560016D235 /* NWCustAdMobTabBarController.m */; };
		BF88EBDA19431B6E006E3E60 /* libGoogleAdMobAds.a in Frameworks */ = {isa = PBXBuildFile; fileRef = BF88EBD819431B6E006E3E60 /* libGoogleAdMobAds.a */; };
		BF88EBDB19431B6E006E3E60 /* README.txt in Resources */ = {isa = PBXBuildFile; fileRef = BF88EBD919431B6E006E3E60 /* README.txt */; };
		BF9B7844192812F80040B122 /* AdSupport.framework in Frameworks */ = {isa = PBXBuildFile; fileRef = BF9B7843192812F80040B122 /* AdSupport.framework */; };
		BF9B7846192813DF0040B122 /* AVFoundation.framework in Frameworks */ = {isa = PBXBuildFile; fileRef = BF9B7845192813DF0040B122 /* AVFoundation.framework */; };
		BF9B7848192813FB0040B122 /* CoreAudio.framework in Frameworks */ = {isa = PBXBuildFile; fileRef = BF9B7847192813FB0040B122 /* CoreAudio.framework */; };
		BF9B784A192815540040B122 /* CoreTelephony.framework in Frameworks */ = {isa = PBXBuildFile; fileRef = BF9B7849192815540040B122 /* CoreTelephony.framework */; };
		BF9B784E192815D60040B122 /* MessageUI.framework in Frameworks */ = {isa = PBXBuildFile; fileRef = BF9B784D192815D60040B122 /* MessageUI.framework */; };
		BF9B7850192816100040B122 /* StoreKit.framework in Frameworks */ = {isa = PBXBuildFile; fileRef = BF9B784F192816100040B122 /* StoreKit.framework */; };
		BF9B7852192816440040B122 /* SystemConfiguration.framework in Frameworks */ = {isa = PBXBuildFile; fileRef = BF9B7851192816440040B122 /* SystemConfiguration.framework */; };
		BF9B7853192816860040B122 /* AudioToolbox.framework in Frameworks */ = {isa = PBXBuildFile; fileRef = BF9B784B192815950040B122 /* AudioToolbox.framework */; };
		BFC6CCFC190B888F0071D99E /* NWKeyboardUtils.m in Sources */ = {isa = PBXBuildFile; fileRef = BFC6CCFB190B888F0071D99E /* NWKeyboardUtils.m */; };
		BFC6CCFF190B98AB0071D99E /* NWPickerUtils.m in Sources */ = {isa = PBXBuildFile; fileRef = BFC6CCFE190B98AB0071D99E /* NWPickerUtils.m */; };
		BFC6CD05190BD38B0071D99E /* NWUIScrollViewMovePostition.m in Sources */ = {isa = PBXBuildFile; fileRef = BFC6CD04190BD38B0071D99E /* NWUIScrollViewMovePostition.m */; };
		C903332B1988D72200A55362 /* NWAdShiftTableViewController.m in Sources */ = {isa = PBXBuildFile; fileRef = C903332A1988D72200A55362 /* NWAdShiftTableViewController.m */; };
		C903A89B18D46D76009708C6 /* Images.xcassets in Resources */ = {isa = PBXBuildFile; fileRef = C903A89A18D46D76009708C6 /* Images.xcassets */; };
		C907B72E194C4438001A4C53 /* NWCustCellImageTitleSubDetail.m in Sources */ = {isa = PBXBuildFile; fileRef = C907B72C194C4438001A4C53 /* NWCustCellImageTitleSubDetail.m */; };
		C907B72F194C4438001A4C53 /* NWCustCellImageTitleSubDetail.xib in Resources */ = {isa = PBXBuildFile; fileRef = C907B72D194C4438001A4C53 /* NWCustCellImageTitleSubDetail.xib */; };
		C909F35318D00FE600E02B8D /* CurrencyCDTVC.m in Sources */ = {isa = PBXBuildFile; fileRef = C909F35218D00FE600E02B8D /* CurrencyCDTVC.m */; };
		C909F36E18D0125800E02B8D /* DayCurrency.m in Sources */ = {isa = PBXBuildFile; fileRef = C909F36D18D0125800E02B8D /* DayCurrency.m */; };
		C90D484118DADC7500367316 /* NWUserSettings.m in Sources */ = {isa = PBXBuildFile; fileRef = C90D484018DADC7500367316 /* NWUserSettings.m */; };
		C913902918F01D060069EAC2 /* SettingsTVC.m in Sources */ = {isa = PBXBuildFile; fileRef = C913902818F01D060069EAC2 /* SettingsTVC.m */; };
		C913902C18F034420069EAC2 /* CategoriesCDTVC.m in Sources */ = {isa = PBXBuildFile; fileRef = C913902B18F034420069EAC2 /* CategoriesCDTVC.m */; };
		C92ABB27190E11EF00BEA584 /* Item+Expend.m in Sources */ = {isa = PBXBuildFile; fileRef = C92ABB26190E11EF00BEA584 /* Item+Expend.m */; };
		C9558F8E191893D500B6C430 /* Item.m in Sources */ = {isa = PBXBuildFile; fileRef = C9558F8D191893D500B6C430 /* Item.m */; };
		C9558F901918970200B6C430 /* TripDetailTVC.m in Sources */ = {isa = PBXBuildFile; fileRef = C9558F8F1918970200B6C430 /* TripDetailTVC.m */; };
		C95AFA031886733B00DF057E /* DaysCDTVC.m in Sources */ = {isa = PBXBuildFile; fileRef = C95AFA021886733B00DF057E /* DaysCDTVC.m */; };
		C95C792A19279DBB00F073EF /* testMergeFrom.plist in Resources */ = {isa = PBXBuildFile; fileRef = C95C792919279DBB00F073EF /* testMergeFrom.plist */; };
		C964B92E18D42BBB002EF48C /* Day+Expend.m in Sources */ = {isa = PBXBuildFile; fileRef = C964B92D18D42BBB002EF48C /* Day+Expend.m */; };
		C964B93118D42FDC002EF48C /* Currency.m in Sources */ = {isa = PBXBuildFile; fileRef = C964B93018D42FDC002EF48C /* Currency.m */; };
		C964B93418D43061002EF48C /* Day.m in Sources */ = {isa = PBXBuildFile; fileRef = C964B93318D43061002EF48C /* Day.m */; };
		C9697B1618FCF8E1006148E0 /* SWRevealViewController.m in Sources */ = {isa = PBXBuildFile; fileRef = C9697B1518FCF8E1006148E0 /* SWRevealViewController.m */; };
		C9697B1918FCF97C006148E0 /* SidebarViewController.m in Sources */ = {isa = PBXBuildFile; fileRef = C9697B1818FCF97C006148E0 /* SidebarViewController.m */; };
		C9697B1C18FD39F9006148E0 /* SettingMenuRVC.m in Sources */ = {isa = PBXBuildFile; fileRef = C9697B1B18FD39F9006148E0 /* SettingMenuRVC.m */; };
		C96AC7B318F10EBB0037DA8B /* AddCategoryTVC.m in Sources */ = {isa = PBXBuildFile; fileRef = C96AC7B218F10EBB0037DA8B /* AddCategoryTVC.m */; };
		C96AC7B618F24D410037DA8B /* SelectCategoryCDTVC.m in Sources */ = {isa = PBXBuildFile; fileRef = C96AC7B518F24D410037DA8B /* SelectCategoryCDTVC.m */; };
		C96F0616190B92AD0072899E /* Currency.plist in Resources */ = {isa = PBXBuildFile; fileRef = C96F0615190B92AD0072899E /* Currency.plist */; };
		C96F0618190BD34D0072899E /* ItemCategory.plist in Resources */ = {isa = PBXBuildFile; fileRef = C96F0617190BD34D0072899E /* ItemCategory.plist */; };
		C97365F218E6EA170060583A /* ItemsCDTVC.m in Sources */ = {isa = PBXBuildFile; fileRef = C97365F118E6EA170060583A /* ItemsCDTVC.m */; };
		C977812C19123298008F07F9 /* CatInTrip.m in Sources */ = {isa = PBXBuildFile; fileRef = C977812B19123298008F07F9 /* CatInTrip.m */; };
		C977813519123299008F07F9 /* Receipt.m in Sources */ = {isa = PBXBuildFile; fileRef = C977813419123299008F07F9 /* Receipt.m */; };
		C977813819123299008F07F9 /* Trip.m in Sources */ = {isa = PBXBuildFile; fileRef = C977813719123299008F07F9 /* Trip.m */; };
		C977813B19123299008F07F9 /* Photo.m in Sources */ = {isa = PBXBuildFile; fileRef = C977813A19123299008F07F9 /* Photo.m */; };
		C977815619129D9E008F07F9 /* Itemcategory+Colorful.m in Sources */ = {isa = PBXBuildFile; fileRef = C977815519129D9E008F07F9 /* Itemcategory+Colorful.m */; };
		C977815919129DFB008F07F9 /* Itemcategory.m in Sources */ = {isa = PBXBuildFile; fileRef = C977815819129DFB008F07F9 /* Itemcategory.m */; };
		C977815C19129DFC008F07F9 /* Group.m in Sources */ = {isa = PBXBuildFile; fileRef = C977815B19129DFC008F07F9 /* Group.m */; };
		C97DAE6819135626009B7E6C /* Photo+Image.m in Sources */ = {isa = PBXBuildFile; fileRef = C97DAE6719135626009B7E6C /* Photo+Image.m */; };
		C97DAE6B19136FAA009B7E6C /* Receipt+Photo.m in Sources */ = {isa = PBXBuildFile; fileRef = C97DAE6A19136FAA009B7E6C /* Receipt+Photo.m */; };
		C980686718E0B4C200841064 /* ReceiptDetailTVC.m in Sources */ = {isa = PBXBuildFile; fileRef = C980686618E0B4C200841064 /* ReceiptDetailTVC.m */; };
		C981340C190769BF00CF43CC /* ShareMainPageCDTVC.m in Sources */ = {isa = PBXBuildFile; fileRef = C981340B190769BF00CF43CC /* ShareMainPageCDTVC.m */; };
		C981340F19078D0800CF43CC /* SelectTripCDTVC.m in Sources */ = {isa = PBXBuildFile; fileRef = C981340E19078D0800CF43CC /* SelectTripCDTVC.m */; };
		C99C6DF31967D37000D3ABA5 /* PhotoContentVC.m in Sources */ = {isa = PBXBuildFile; fileRef = C99C6DF21967D37000D3ABA5 /* PhotoContentVC.m */; };
		C9AAED8E19066D4C002D3BAB /* SelectGroupAndGuyCDTVC.m in Sources */ = {isa = PBXBuildFile; fileRef = C9AAED8D19066D4C002D3BAB /* SelectGroupAndGuyCDTVC.m */; };
		C9AAED9119067A87002D3BAB /* GroupAndGuyInTripCDTVC.m in Sources */ = {isa = PBXBuildFile; fileRef = C9AAED9019067A87002D3BAB /* GroupAndGuyInTripCDTVC.m */; };
		C9AAED941906A361002D3BAB /* Group+TripGuys.m in Sources */ = {isa = PBXBuildFile; fileRef = C9AAED931906A361002D3BAB /* Group+TripGuys.m */; };
		C9C4097B18E7247600E1F3FE /* AddItemTVC.m in Sources */ = {isa = PBXBuildFile; fileRef = C9C4097A18E7247600E1F3FE /* AddItemTVC.m */; };
		C9C4097E18E73D6700E1F3FE /* Receipt+Calculate.m in Sources */ = {isa = PBXBuildFile; fileRef = C9C4097D18E73D6700E1F3FE /* Receipt+Calculate.m */; };
		C9C4098418E8758900E1F3FE /* NWCustCellTitleSubDetail.xib in Resources */ = {isa = PBXBuildFile; fileRef = C9C4098318E8758900E1F3FE /* NWCustCellTitleSubDetail.xib */; };
		C9C6258318F67A7800026CFA /* ItemDetailTVC.m in Sources */ = {isa = PBXBuildFile; fileRef = C9C6258218F67A7800026CFA /* ItemDetailTVC.m */; };
		C9DB0004186B187D00F3B008 /* Foundation.framework in Frameworks */ = {isa = PBXBuildFile; fileRef = C9DB0003186B187D00F3B008 /* Foundation.framework */; };
		C9DB0006186B187D00F3B008 /* CoreGraphics.framework in Frameworks */ = {isa = PBXBuildFile; fileRef = C9DB0005186B187D00F3B008 /* CoreGraphics.framework */; };
		C9DB0008186B187D00F3B008 /* UIKit.framework in Frameworks */ = {isa = PBXBuildFile; fileRef = C9DB0007186B187D00F3B008 /* UIKit.framework */; };
		C9DB000E186B187E00F3B008 /* InfoPlist.strings in Resources */ = {isa = PBXBuildFile; fileRef = C9DB000C186B187E00F3B008 /* InfoPlist.strings */; };
		C9DB0010186B187E00F3B008 /* main.m in Sources */ = {isa = PBXBuildFile; fileRef = C9DB000F186B187E00F3B008 /* main.m */; };
		C9DB0017186B187E00F3B008 /* Main.storyboard in Resources */ = {isa = PBXBuildFile; fileRef = C9DB0015186B187E00F3B008 /* Main.storyboard */; };
		C9DB0023186B187E00F3B008 /* XCTest.framework in Frameworks */ = {isa = PBXBuildFile; fileRef = C9DB0022186B187E00F3B008 /* XCTest.framework */; };
		C9DB0024186B187E00F3B008 /* Foundation.framework in Frameworks */ = {isa = PBXBuildFile; fileRef = C9DB0003186B187D00F3B008 /* Foundation.framework */; };
		C9DB0025186B187E00F3B008 /* UIKit.framework in Frameworks */ = {isa = PBXBuildFile; fileRef = C9DB0007186B187D00F3B008 /* UIKit.framework */; };
		C9DB002D186B187E00F3B008 /* InfoPlist.strings in Resources */ = {isa = PBXBuildFile; fileRef = C9DB002B186B187E00F3B008 /* InfoPlist.strings */; };
		C9DB002F186B187E00F3B008 /* TryTravel2getherTests.m in Sources */ = {isa = PBXBuildFile; fileRef = C9DB002E186B187E00F3B008 /* TryTravel2getherTests.m */; };
		C9DB003E186B197400F3B008 /* TourModel.xcdatamodeld in Sources */ = {isa = PBXBuildFile; fileRef = C9DB003C186B197400F3B008 /* TourModel.xcdatamodeld */; };
		C9EE94DB1908C0B600E599C1 /* TripsCDTVCWithSidebar.m in Sources */ = {isa = PBXBuildFile; fileRef = C9EE94DA1908C0B600E599C1 /* TripsCDTVCWithSidebar.m */; };
		C9EE94E11908F2D100E599C1 /* GuyInTrip+Expend.m in Sources */ = {isa = PBXBuildFile; fileRef = C9EE94E01908F2D100E599C1 /* GuyInTrip+Expend.m */; };
		C9F64D3618E709A00005ED24 /* NWCustCellTitleSubDetail.m in Sources */ = {isa = PBXBuildFile; fileRef = C9F64D3518E709A00005ED24 /* NWCustCellTitleSubDetail.m */; };
		C9F80494187A333D00EE4EDE /* Model.xcdatamodeld in Sources */ = {isa = PBXBuildFile; fileRef = C9F80492187A333D00EE4EDE /* Model.xcdatamodeld */; };
		C9F804A4187A355900EE4EDE /* CoreData.framework in Frameworks */ = {isa = PBXBuildFile; fileRef = C9F804A3187A355900EE4EDE /* CoreData.framework */; };
		C9F804A7187A4C7800EE4EDE /* TripsCDTVC.m in Sources */ = {isa = PBXBuildFile; fileRef = C9F804A6187A4C7800EE4EDE /* TripsCDTVC.m */; };
		C9F804AA187A4C9B00EE4EDE /* AddTripTVC.m in Sources */ = {isa = PBXBuildFile; fileRef = C9F804A9187A4C9B00EE4EDE /* AddTripTVC.m */; };
		C9F804F7187A733000EE4EDE /* nwAppDelegate.m in Sources */ = {isa = PBXBuildFile; fileRef = C9F804F6187A733000EE4EDE /* nwAppDelegate.m */; };
		C9F804FA187A74DB00EE4EDE /* CoreDataTableViewController.m in Sources */ = {isa = PBXBuildFile; fileRef = C9F804F9187A74DB00EE4EDE /* CoreDataTableViewController.m */; };
		C9FDDA14197FA9CC0060336A /* ReceiptPhotoVC.m in Sources */ = {isa = PBXBuildFile; fileRef = C9FDDA13197FA9CC0060336A /* ReceiptPhotoVC.m */; };
/* End PBXBuildFile section */

/* Begin PBXContainerItemProxy section */
		C9DB0026186B187E00F3B008 /* PBXContainerItemProxy */ = {
			isa = PBXContainerItemProxy;
			containerPortal = C9DBFFF8186B187D00F3B008 /* Project object */;
			proxyType = 1;
			remoteGlobalIDString = C9DBFFFF186B187D00F3B008;
			remoteInfo = TryTravel2gether;
		};
/* End PBXContainerItemProxy section */

/* Begin PBXFileReference section */
		0409B6F01892B763000C6DF6 /* Day+TripDay.h */ = {isa = PBXFileReference; fileEncoding = 4; lastKnownFileType = sourcecode.c.h; path = "Day+TripDay.h"; sourceTree = "<group>"; };
		0409B6F11892B763000C6DF6 /* Day+TripDay.m */ = {isa = PBXFileReference; fileEncoding = 4; lastKnownFileType = sourcecode.c.objc; path = "Day+TripDay.m"; sourceTree = "<group>"; };
		0409B6F31893BEAE000C6DF6 /* AddDayTVC.h */ = {isa = PBXFileReference; fileEncoding = 4; lastKnownFileType = sourcecode.c.h; path = AddDayTVC.h; sourceTree = "<group>"; };
		0409B6F41893BEAE000C6DF6 /* AddDayTVC.m */ = {isa = PBXFileReference; fileEncoding = 4; lastKnownFileType = sourcecode.c.objc; path = AddDayTVC.m; sourceTree = "<group>"; };
		040A631D188ADB7B0084A3EC /* CoreDataTableViewCell.h */ = {isa = PBXFileReference; fileEncoding = 4; lastKnownFileType = sourcecode.c.h; path = CoreDataTableViewCell.h; sourceTree = "<group>"; };
		040A631E188ADB7B0084A3EC /* CoreDataTableViewCell.m */ = {isa = PBXFileReference; fileEncoding = 4; lastKnownFileType = sourcecode.c.objc; path = CoreDataTableViewCell.m; sourceTree = "<group>"; };
		040A6323188ADE480084A3EC /* TripDaysTVC.h */ = {isa = PBXFileReference; fileEncoding = 4; lastKnownFileType = sourcecode.c.h; path = TripDaysTVC.h; sourceTree = "<group>"; };
		040A6324188ADE480084A3EC /* TripDaysTVC.m */ = {isa = PBXFileReference; fileEncoding = 4; lastKnownFileType = sourcecode.c.objc; path = TripDaysTVC.m; sourceTree = "<group>"; };
		04858D3E18AA63F000A81340 /* DayDetailTVC.h */ = {isa = PBXFileReference; fileEncoding = 4; lastKnownFileType = sourcecode.c.h; path = DayDetailTVC.h; sourceTree = "<group>"; };
		04858D3F18AA63F000A81340 /* DayDetailTVC.m */ = {isa = PBXFileReference; fileEncoding = 4; lastKnownFileType = sourcecode.c.objc; path = DayDetailTVC.m; sourceTree = "<group>"; };
		04A0464D1886DFAF00D98809 /* Model 2_receipts_photos.xcdatamodel */ = {isa = PBXFileReference; lastKnownFileType = wrapper.xcdatamodel; path = "Model 2_receipts_photos.xcdatamodel"; sourceTree = "<group>"; };
		04A04663188A4B5D00D98809 /* AddReceiptTVC.h */ = {isa = PBXFileReference; fileEncoding = 4; lastKnownFileType = sourcecode.c.h; path = AddReceiptTVC.h; sourceTree = "<group>"; };
		04A04664188A4B5D00D98809 /* AddReceiptTVC.m */ = {isa = PBXFileReference; fileEncoding = 4; lastKnownFileType = sourcecode.c.objc; path = AddReceiptTVC.m; sourceTree = "<group>"; };
		04E6AF7818AF6AFB007714A3 /* Model 3_MoneyType.xcdatamodel */ = {isa = PBXFileReference; lastKnownFileType = wrapper.xcdatamodel; path = "Model 3_MoneyType.xcdatamodel"; sourceTree = "<group>"; };
		04ED46EE18A64CAF004EA22E /* Trip+Days.h */ = {isa = PBXFileReference; fileEncoding = 4; lastKnownFileType = sourcecode.c.h; path = "Trip+Days.h"; sourceTree = "<group>"; };
		04ED46EF18A64CAF004EA22E /* Trip+Days.m */ = {isa = PBXFileReference; fileEncoding = 4; lastKnownFileType = sourcecode.c.objc; path = "Trip+Days.m"; sourceTree = "<group>"; };
		180A50691914EFE40053A9F0 /* NWCustCellSwitch.xib */ = {isa = PBXFileReference; fileEncoding = 4; lastKnownFileType = file.xib; name = NWCustCellSwitch.xib; path = NWCust/NWCustCellSwitch.xib; sourceTree = "<group>"; };
		183412D319270D320082AB76 /* GroupDetailTVC.h */ = {isa = PBXFileReference; fileEncoding = 4; lastKnownFileType = sourcecode.c.h; path = GroupDetailTVC.h; sourceTree = "<group>"; };
		183412D419270D320082AB76 /* GroupDetailTVC.m */ = {isa = PBXFileReference; fileEncoding = 4; lastKnownFileType = sourcecode.c.objc; path = GroupDetailTVC.m; sourceTree = "<group>"; };
		1859D0FC18F00AD200C93338 /* SelectGuysCDTVC.h */ = {isa = PBXFileReference; fileEncoding = 4; lastKnownFileType = sourcecode.c.h; path = SelectGuysCDTVC.h; sourceTree = "<group>"; };
		1859D0FD18F00AD200C93338 /* SelectGuysCDTVC.m */ = {isa = PBXFileReference; fileEncoding = 4; lastKnownFileType = sourcecode.c.objc; path = SelectGuysCDTVC.m; sourceTree = "<group>"; };
		1863F9CB190B681D0033AECF /* AddGroupTVC.h */ = {isa = PBXFileReference; fileEncoding = 4; lastKnownFileType = sourcecode.c.h; path = AddGroupTVC.h; sourceTree = "<group>"; };
		1863F9CC190B681D0033AECF /* AddGroupTVC.m */ = {isa = PBXFileReference; fileEncoding = 4; lastKnownFileType = sourcecode.c.objc; path = AddGroupTVC.m; sourceTree = "<group>"; };
		1863F9CE190BAFC80033AECF /* Trip+Group.h */ = {isa = PBXFileReference; fileEncoding = 4; lastKnownFileType = sourcecode.c.h; path = "Trip+Group.h"; sourceTree = "<group>"; };
		1863F9CF190BAFC80033AECF /* Trip+Group.m */ = {isa = PBXFileReference; fileEncoding = 4; lastKnownFileType = sourcecode.c.objc; path = "Trip+Group.m"; sourceTree = "<group>"; };
		1869ACF11914F19600BF8547 /* NWCustCellSwitch.h */ = {isa = PBXFileReference; fileEncoding = 4; lastKnownFileType = sourcecode.c.h; name = NWCustCellSwitch.h; path = NWCust/NWCustCellSwitch.h; sourceTree = "<group>"; };
		1869ACF21914F19600BF8547 /* NWCustCellSwitch.m */ = {isa = PBXFileReference; fileEncoding = 4; lastKnownFileType = sourcecode.c.objc; name = NWCustCellSwitch.m; path = NWCust/NWCustCellSwitch.m; sourceTree = "<group>"; };
		186C1B261927378E00C87DE7 /* GuyInTrip+Group.h */ = {isa = PBXFileReference; fileEncoding = 4; lastKnownFileType = sourcecode.c.h; name = "GuyInTrip+Group.h"; path = "../GuyInTrip+Group.h"; sourceTree = "<group>"; };
		186C1B271927378E00C87DE7 /* GuyInTrip+Group.m */ = {isa = PBXFileReference; fileEncoding = 4; lastKnownFileType = sourcecode.c.objc; name = "GuyInTrip+Group.m"; path = "../GuyInTrip+Group.m"; sourceTree = "<group>"; };
		186C1B291927395D00C87DE7 /* Group+Special.h */ = {isa = PBXFileReference; fileEncoding = 4; lastKnownFileType = sourcecode.c.h; path = "Group+Special.h"; sourceTree = "<group>"; };
		186C1B2A1927395D00C87DE7 /* Group+Special.m */ = {isa = PBXFileReference; fileEncoding = 4; lastKnownFileType = sourcecode.c.objc; path = "Group+Special.m"; sourceTree = "<group>"; };
		18B8143D18E6E9740089BF0B /* AddGuyTVC.h */ = {isa = PBXFileReference; fileEncoding = 4; lastKnownFileType = sourcecode.c.h; path = AddGuyTVC.h; sourceTree = "<group>"; };
		18B8143E18E6E9740089BF0B /* AddGuyTVC.m */ = {isa = PBXFileReference; fileEncoding = 4; lastKnownFileType = sourcecode.c.objc; path = AddGuyTVC.m; sourceTree = "<group>"; };
		18B8144018E6E9B80089BF0B /* GuysCDTVC.h */ = {isa = PBXFileReference; fileEncoding = 4; lastKnownFileType = sourcecode.c.h; path = GuysCDTVC.h; sourceTree = "<group>"; };
		18B8144118E6E9B80089BF0B /* GuysCDTVC.m */ = {isa = PBXFileReference; fileEncoding = 4; lastKnownFileType = sourcecode.c.objc; path = GuysCDTVC.m; sourceTree = "<group>"; };
		18DE117A18F97F72003F3083 /* GuyInTrip.h */ = {isa = PBXFileReference; fileEncoding = 4; lastKnownFileType = sourcecode.c.h; path = GuyInTrip.h; sourceTree = "<group>"; };
		18DE117B18F97F72003F3083 /* GuyInTrip.m */ = {isa = PBXFileReference; fileEncoding = 4; lastKnownFileType = sourcecode.c.objc; path = GuyInTrip.m; sourceTree = "<group>"; };
		18DE117D18F97F72003F3083 /* Guy.h */ = {isa = PBXFileReference; fileEncoding = 4; lastKnownFileType = sourcecode.c.h; path = Guy.h; sourceTree = "<group>"; };
		18DE117E18F97F72003F3083 /* Guy.m */ = {isa = PBXFileReference; fileEncoding = 4; lastKnownFileType = sourcecode.c.objc; path = Guy.m; sourceTree = "<group>"; };
		18DF963419024EF30051366D /* GuysInTripCDTVC.h */ = {isa = PBXFileReference; fileEncoding = 4; lastKnownFileType = sourcecode.c.h; path = GuysInTripCDTVC.h; sourceTree = "<group>"; };
		18DF963519024EF30051366D /* GuysInTripCDTVC.m */ = {isa = PBXFileReference; fileEncoding = 4; lastKnownFileType = sourcecode.c.objc; path = GuysInTripCDTVC.m; sourceTree = "<group>"; };
		BF6179B51930A3560016D235 /* NWCustAdMobTabBarController.h */ = {isa = PBXFileReference; fileEncoding = 4; lastKnownFileType = sourcecode.c.h; path = NWCustAdMobTabBarController.h; sourceTree = "<group>"; };
		BF6179B61930A3560016D235 /* NWCustAdMobTabBarController.m */ = {isa = PBXFileReference; fileEncoding = 4; lastKnownFileType = sourcecode.c.objc; path = NWCustAdMobTabBarController.m; sourceTree = "<group>"; };
		BF88EBA91942F52D006E3E60 /* project.pbxproj */ = {isa = PBXFileReference; lastKnownFileType = text.pbxproject; name = project.pbxproj; path = TryTravel2gether.xcodeproj/project.pbxproj; sourceTree = "<group>"; };
		BF88EBCC19431B6E006E3E60 /* GADInAppPurchase.h */ = {isa = PBXFileReference; fileEncoding = 4; lastKnownFileType = sourcecode.c.h; path = GADInAppPurchase.h; sourceTree = "<group>"; };
		BF88EBCD19431B6E006E3E60 /* GADAdMobExtras.h */ = {isa = PBXFileReference; fileEncoding = 4; lastKnownFileType = sourcecode.c.h; path = GADAdMobExtras.h; sourceTree = "<group>"; };
		BF88EBCE19431B6E006E3E60 /* GADAdNetworkExtras.h */ = {isa = PBXFileReference; fileEncoding = 4; lastKnownFileType = sourcecode.c.h; path = GADAdNetworkExtras.h; sourceTree = "<group>"; };
		BF88EBCF19431B6E006E3E60 /* GADAdSize.h */ = {isa = PBXFileReference; fileEncoding = 4; lastKnownFileType = sourcecode.c.h; path = GADAdSize.h; sourceTree = "<group>"; };
		BF88EBD019431B6E006E3E60 /* GADBannerView.h */ = {isa = PBXFileReference; fileEncoding = 4; lastKnownFileType = sourcecode.c.h; path = GADBannerView.h; sourceTree = "<group>"; };
		BF88EBD119431B6E006E3E60 /* GADBannerViewDelegate.h */ = {isa = PBXFileReference; fileEncoding = 4; lastKnownFileType = sourcecode.c.h; path = GADBannerViewDelegate.h; sourceTree = "<group>"; };
		BF88EBD219431B6E006E3E60 /* GADInAppPurchaseDelegate.h */ = {isa = PBXFileReference; fileEncoding = 4; lastKnownFileType = sourcecode.c.h; path = GADInAppPurchaseDelegate.h; sourceTree = "<group>"; };
		BF88EBD319431B6E006E3E60 /* GADInterstitial.h */ = {isa = PBXFileReference; fileEncoding = 4; lastKnownFileType = sourcecode.c.h; path = GADInterstitial.h; sourceTree = "<group>"; };
		BF88EBD419431B6E006E3E60 /* GADInterstitialDelegate.h */ = {isa = PBXFileReference; fileEncoding = 4; lastKnownFileType = sourcecode.c.h; path = GADInterstitialDelegate.h; sourceTree = "<group>"; };
		BF88EBD519431B6E006E3E60 /* GADModules.h */ = {isa = PBXFileReference; fileEncoding = 4; lastKnownFileType = sourcecode.c.h; path = GADModules.h; sourceTree = "<group>"; };
		BF88EBD619431B6E006E3E60 /* GADRequest.h */ = {isa = PBXFileReference; fileEncoding = 4; lastKnownFileType = sourcecode.c.h; path = GADRequest.h; sourceTree = "<group>"; };
		BF88EBD719431B6E006E3E60 /* GADRequestError.h */ = {isa = PBXFileReference; fileEncoding = 4; lastKnownFileType = sourcecode.c.h; path = GADRequestError.h; sourceTree = "<group>"; };
		BF88EBD819431B6E006E3E60 /* libGoogleAdMobAds.a */ = {isa = PBXFileReference; lastKnownFileType = archive.ar; path = libGoogleAdMobAds.a; sourceTree = "<group>"; };
		BF88EBD919431B6E006E3E60 /* README.txt */ = {isa = PBXFileReference; fileEncoding = 4; lastKnownFileType = text; path = README.txt; sourceTree = "<group>"; };
		BF9B7843192812F80040B122 /* AdSupport.framework */ = {isa = PBXFileReference; lastKnownFileType = wrapper.framework; name = AdSupport.framework; path = System/Library/Frameworks/AdSupport.framework; sourceTree = SDKROOT; };
		BF9B7845192813DF0040B122 /* AVFoundation.framework */ = {isa = PBXFileReference; lastKnownFileType = wrapper.framework; name = AVFoundation.framework; path = System/Library/Frameworks/AVFoundation.framework; sourceTree = SDKROOT; };
		BF9B7847192813FB0040B122 /* CoreAudio.framework */ = {isa = PBXFileReference; lastKnownFileType = wrapper.framework; name = CoreAudio.framework; path = System/Library/Frameworks/CoreAudio.framework; sourceTree = SDKROOT; };
		BF9B7849192815540040B122 /* CoreTelephony.framework */ = {isa = PBXFileReference; lastKnownFileType = wrapper.framework; name = CoreTelephony.framework; path = System/Library/Frameworks/CoreTelephony.framework; sourceTree = SDKROOT; };
		BF9B784B192815950040B122 /* AudioToolbox.framework */ = {isa = PBXFileReference; lastKnownFileType = wrapper.framework; name = AudioToolbox.framework; path = System/Library/Frameworks/AudioToolbox.framework; sourceTree = SDKROOT; };
		BF9B784D192815D60040B122 /* MessageUI.framework */ = {isa = PBXFileReference; lastKnownFileType = wrapper.framework; name = MessageUI.framework; path = System/Library/Frameworks/MessageUI.framework; sourceTree = SDKROOT; };
		BF9B784F192816100040B122 /* StoreKit.framework */ = {isa = PBXFileReference; lastKnownFileType = wrapper.framework; name = StoreKit.framework; path = System/Library/Frameworks/StoreKit.framework; sourceTree = SDKROOT; };
		BF9B7851192816440040B122 /* SystemConfiguration.framework */ = {isa = PBXFileReference; lastKnownFileType = wrapper.framework; name = SystemConfiguration.framework; path = System/Library/Frameworks/SystemConfiguration.framework; sourceTree = SDKROOT; };
		BFC6CCFA190B888F0071D99E /* NWKeyboardUtils.h */ = {isa = PBXFileReference; fileEncoding = 4; lastKnownFileType = sourcecode.c.h; path = NWKeyboardUtils.h; sourceTree = "<group>"; };
		BFC6CCFB190B888F0071D99E /* NWKeyboardUtils.m */ = {isa = PBXFileReference; fileEncoding = 4; lastKnownFileType = sourcecode.c.objc; path = NWKeyboardUtils.m; sourceTree = "<group>"; };
		BFC6CCFD190B98AB0071D99E /* NWPickerUtils.h */ = {isa = PBXFileReference; fileEncoding = 4; lastKnownFileType = sourcecode.c.h; path = NWPickerUtils.h; sourceTree = "<group>"; };
		BFC6CCFE190B98AB0071D99E /* NWPickerUtils.m */ = {isa = PBXFileReference; fileEncoding = 4; lastKnownFileType = sourcecode.c.objc; path = NWPickerUtils.m; sourceTree = "<group>"; };
		BFC6CD03190BD38B0071D99E /* NWUIScrollViewMovePostition.h */ = {isa = PBXFileReference; fileEncoding = 4; lastKnownFileType = sourcecode.c.h; path = NWUIScrollViewMovePostition.h; sourceTree = "<group>"; };
		BFC6CD04190BD38B0071D99E /* NWUIScrollViewMovePostition.m */ = {isa = PBXFileReference; fileEncoding = 4; lastKnownFileType = sourcecode.c.objc; path = NWUIScrollViewMovePostition.m; sourceTree = "<group>"; };
		C90333291988D72200A55362 /* NWAdShiftTableViewController.h */ = {isa = PBXFileReference; fileEncoding = 4; lastKnownFileType = sourcecode.c.h; path = NWAdShiftTableViewController.h; sourceTree = "<group>"; };
		C903332A1988D72200A55362 /* NWAdShiftTableViewController.m */ = {isa = PBXFileReference; fileEncoding = 4; lastKnownFileType = sourcecode.c.objc; path = NWAdShiftTableViewController.m; sourceTree = "<group>"; };
		C903A89A18D46D76009708C6 /* Images.xcassets */ = {isa = PBXFileReference; lastKnownFileType = folder.assetcatalog; path = Images.xcassets; sourceTree = "<group>"; };
		C907B72B194C4438001A4C53 /* NWCustCellImageTitleSubDetail.h */ = {isa = PBXFileReference; fileEncoding = 4; lastKnownFileType = sourcecode.c.h; name = NWCustCellImageTitleSubDetail.h; path = NWCust/NWCustCellImageTitleSubDetail.h; sourceTree = "<group>"; };
		C907B72C194C4438001A4C53 /* NWCustCellImageTitleSubDetail.m */ = {isa = PBXFileReference; fileEncoding = 4; lastKnownFileType = sourcecode.c.objc; name = NWCustCellImageTitleSubDetail.m; path = NWCust/NWCustCellImageTitleSubDetail.m; sourceTree = "<group>"; };
		C907B72D194C4438001A4C53 /* NWCustCellImageTitleSubDetail.xib */ = {isa = PBXFileReference; fileEncoding = 4; lastKnownFileType = file.xib; name = NWCustCellImageTitleSubDetail.xib; path = NWCust/NWCustCellImageTitleSubDetail.xib; sourceTree = "<group>"; };
		C909F35118D00FE600E02B8D /* CurrencyCDTVC.h */ = {isa = PBXFileReference; fileEncoding = 4; lastKnownFileType = sourcecode.c.h; path = CurrencyCDTVC.h; sourceTree = "<group>"; };
		C909F35218D00FE600E02B8D /* CurrencyCDTVC.m */ = {isa = PBXFileReference; fileEncoding = 4; lastKnownFileType = sourcecode.c.objc; path = CurrencyCDTVC.m; sourceTree = "<group>"; };
		C909F36C18D0125800E02B8D /* DayCurrency.h */ = {isa = PBXFileReference; fileEncoding = 4; lastKnownFileType = sourcecode.c.h; path = DayCurrency.h; sourceTree = "<group>"; };
		C909F36D18D0125800E02B8D /* DayCurrency.m */ = {isa = PBXFileReference; fileEncoding = 4; lastKnownFileType = sourcecode.c.objc; path = DayCurrency.m; sourceTree = "<group>"; };
		C90D483F18DADC7500367316 /* NWUserSettings.h */ = {isa = PBXFileReference; fileEncoding = 4; lastKnownFileType = sourcecode.c.h; path = NWUserSettings.h; sourceTree = "<group>"; };
		C90D484018DADC7500367316 /* NWUserSettings.m */ = {isa = PBXFileReference; fileEncoding = 4; lastKnownFileType = sourcecode.c.objc; path = NWUserSettings.m; sourceTree = "<group>"; };
		C913902718F01D060069EAC2 /* SettingsTVC.h */ = {isa = PBXFileReference; fileEncoding = 4; lastKnownFileType = sourcecode.c.h; path = SettingsTVC.h; sourceTree = "<group>"; };
		C913902818F01D060069EAC2 /* SettingsTVC.m */ = {isa = PBXFileReference; fileEncoding = 4; lastKnownFileType = sourcecode.c.objc; path = SettingsTVC.m; sourceTree = "<group>"; };
		C913902A18F034420069EAC2 /* CategoriesCDTVC.h */ = {isa = PBXFileReference; fileEncoding = 4; lastKnownFileType = sourcecode.c.h; path = CategoriesCDTVC.h; sourceTree = "<group>"; };
		C913902B18F034420069EAC2 /* CategoriesCDTVC.m */ = {isa = PBXFileReference; fileEncoding = 4; lastKnownFileType = sourcecode.c.objc; path = CategoriesCDTVC.m; sourceTree = "<group>"; };
		C92ABB25190E11EF00BEA584 /* Item+Expend.h */ = {isa = PBXFileReference; fileEncoding = 4; lastKnownFileType = sourcecode.c.h; path = "Item+Expend.h"; sourceTree = "<group>"; };
		C92ABB26190E11EF00BEA584 /* Item+Expend.m */ = {isa = PBXFileReference; fileEncoding = 4; lastKnownFileType = sourcecode.c.objc; path = "Item+Expend.m"; sourceTree = "<group>"; };
		C94BF2C3189118940039C6CC /* ReceiptsCDTVC.h */ = {isa = PBXFileReference; fileEncoding = 4; lastKnownFileType = sourcecode.c.h; path = ReceiptsCDTVC.h; sourceTree = "<group>"; };
		C94BF2C4189118940039C6CC /* ReceiptsCDTVC.m */ = {isa = PBXFileReference; fileEncoding = 4; lastKnownFileType = sourcecode.c.objc; path = ReceiptsCDTVC.m; sourceTree = "<group>"; };
		C9558F8C191893D500B6C430 /* Item.h */ = {isa = PBXFileReference; fileEncoding = 4; lastKnownFileType = sourcecode.c.h; path = Item.h; sourceTree = "<group>"; };
		C9558F8D191893D500B6C430 /* Item.m */ = {isa = PBXFileReference; fileEncoding = 4; lastKnownFileType = sourcecode.c.objc; path = Item.m; sourceTree = "<group>"; };
		C9558F8F1918970200B6C430 /* TripDetailTVC.m */ = {isa = PBXFileReference; fileEncoding = 4; lastKnownFileType = sourcecode.c.objc; path = TripDetailTVC.m; sourceTree = "<group>"; };
		C95AFA011886733B00DF057E /* DaysCDTVC.h */ = {isa = PBXFileReference; fileEncoding = 4; lastKnownFileType = sourcecode.c.h; path = DaysCDTVC.h; sourceTree = "<group>"; };
		C95AFA021886733B00DF057E /* DaysCDTVC.m */ = {isa = PBXFileReference; fileEncoding = 4; lastKnownFileType = sourcecode.c.objc; path = DaysCDTVC.m; sourceTree = "<group>"; };
		C95C792919279DBB00F073EF /* testMergeFrom.plist */ = {isa = PBXFileReference; fileEncoding = 4; lastKnownFileType = text.plist.xml; path = testMergeFrom.plist; sourceTree = "<group>"; };
		C964B92C18D42BBB002EF48C /* Day+Expend.h */ = {isa = PBXFileReference; fileEncoding = 4; lastKnownFileType = sourcecode.c.h; path = "Day+Expend.h"; sourceTree = "<group>"; };
		C964B92D18D42BBB002EF48C /* Day+Expend.m */ = {isa = PBXFileReference; fileEncoding = 4; lastKnownFileType = sourcecode.c.objc; path = "Day+Expend.m"; sourceTree = "<group>"; };
		C964B92F18D42FDC002EF48C /* Currency.h */ = {isa = PBXFileReference; fileEncoding = 4; lastKnownFileType = sourcecode.c.h; path = Currency.h; sourceTree = "<group>"; };
		C964B93018D42FDC002EF48C /* Currency.m */ = {isa = PBXFileReference; fileEncoding = 4; lastKnownFileType = sourcecode.c.objc; path = Currency.m; sourceTree = "<group>"; };
		C964B93218D43061002EF48C /* Day.h */ = {isa = PBXFileReference; fileEncoding = 4; lastKnownFileType = sourcecode.c.h; path = Day.h; sourceTree = "<group>"; };
		C964B93318D43061002EF48C /* Day.m */ = {isa = PBXFileReference; fileEncoding = 4; lastKnownFileType = sourcecode.c.objc; path = Day.m; sourceTree = "<group>"; };
		C9697B1418FCF8E1006148E0 /* SWRevealViewController.h */ = {isa = PBXFileReference; fileEncoding = 4; lastKnownFileType = sourcecode.c.h; path = SWRevealViewController.h; sourceTree = "<group>"; };
		C9697B1518FCF8E1006148E0 /* SWRevealViewController.m */ = {isa = PBXFileReference; fileEncoding = 4; lastKnownFileType = sourcecode.c.objc; path = SWRevealViewController.m; sourceTree = "<group>"; };
		C9697B1718FCF97C006148E0 /* SidebarViewController.h */ = {isa = PBXFileReference; fileEncoding = 4; lastKnownFileType = sourcecode.c.h; path = SidebarViewController.h; sourceTree = "<group>"; };
		C9697B1818FCF97C006148E0 /* SidebarViewController.m */ = {isa = PBXFileReference; fileEncoding = 4; lastKnownFileType = sourcecode.c.objc; path = SidebarViewController.m; sourceTree = "<group>"; };
		C9697B1A18FD39F9006148E0 /* SettingMenuRVC.h */ = {isa = PBXFileReference; fileEncoding = 4; lastKnownFileType = sourcecode.c.h; path = SettingMenuRVC.h; sourceTree = "<group>"; };
		C9697B1B18FD39F9006148E0 /* SettingMenuRVC.m */ = {isa = PBXFileReference; fileEncoding = 4; lastKnownFileType = sourcecode.c.objc; path = SettingMenuRVC.m; sourceTree = "<group>"; };
		C96AC7B118F10EBB0037DA8B /* AddCategoryTVC.h */ = {isa = PBXFileReference; fileEncoding = 4; lastKnownFileType = sourcecode.c.h; path = AddCategoryTVC.h; sourceTree = "<group>"; };
		C96AC7B218F10EBB0037DA8B /* AddCategoryTVC.m */ = {isa = PBXFileReference; fileEncoding = 4; lastKnownFileType = sourcecode.c.objc; path = AddCategoryTVC.m; sourceTree = "<group>"; };
		C96AC7B418F24D410037DA8B /* SelectCategoryCDTVC.h */ = {isa = PBXFileReference; fileEncoding = 4; lastKnownFileType = sourcecode.c.h; path = SelectCategoryCDTVC.h; sourceTree = "<group>"; };
		C96AC7B518F24D410037DA8B /* SelectCategoryCDTVC.m */ = {isa = PBXFileReference; fileEncoding = 4; lastKnownFileType = sourcecode.c.objc; path = SelectCategoryCDTVC.m; sourceTree = "<group>"; };
		C96F0615190B92AD0072899E /* Currency.plist */ = {isa = PBXFileReference; fileEncoding = 4; lastKnownFileType = text.plist.xml; path = Currency.plist; sourceTree = "<group>"; };
		C96F0617190BD34D0072899E /* ItemCategory.plist */ = {isa = PBXFileReference; fileEncoding = 4; lastKnownFileType = text.plist.xml; path = ItemCategory.plist; sourceTree = "<group>"; };
		C97365F018E6EA170060583A /* ItemsCDTVC.h */ = {isa = PBXFileReference; fileEncoding = 4; lastKnownFileType = sourcecode.c.h; path = ItemsCDTVC.h; sourceTree = "<group>"; };
		C97365F118E6EA170060583A /* ItemsCDTVC.m */ = {isa = PBXFileReference; fileEncoding = 4; lastKnownFileType = sourcecode.c.objc; path = ItemsCDTVC.m; sourceTree = "<group>"; };
		C9778129191228CC008F07F9 /* Model 5_ColorAndPhotos.xcdatamodel */ = {isa = PBXFileReference; lastKnownFileType = wrapper.xcdatamodel; path = "Model 5_ColorAndPhotos.xcdatamodel"; sourceTree = "<group>"; };
		C977812A19123298008F07F9 /* CatInTrip.h */ = {isa = PBXFileReference; fileEncoding = 4; lastKnownFileType = sourcecode.c.h; path = CatInTrip.h; sourceTree = "<group>"; };
		C977812B19123298008F07F9 /* CatInTrip.m */ = {isa = PBXFileReference; fileEncoding = 4; lastKnownFileType = sourcecode.c.objc; path = CatInTrip.m; sourceTree = "<group>"; };
		C977813319123299008F07F9 /* Receipt.h */ = {isa = PBXFileReference; fileEncoding = 4; lastKnownFileType = sourcecode.c.h; path = Receipt.h; sourceTree = "<group>"; };
		C977813419123299008F07F9 /* Receipt.m */ = {isa = PBXFileReference; fileEncoding = 4; lastKnownFileType = sourcecode.c.objc; path = Receipt.m; sourceTree = "<group>"; };
		C977813619123299008F07F9 /* Trip.h */ = {isa = PBXFileReference; fileEncoding = 4; lastKnownFileType = sourcecode.c.h; path = Trip.h; sourceTree = "<group>"; };
		C977813719123299008F07F9 /* Trip.m */ = {isa = PBXFileReference; fileEncoding = 4; lastKnownFileType = sourcecode.c.objc; path = Trip.m; sourceTree = "<group>"; };
		C977813919123299008F07F9 /* Photo.h */ = {isa = PBXFileReference; fileEncoding = 4; lastKnownFileType = sourcecode.c.h; path = Photo.h; sourceTree = "<group>"; };
		C977813A19123299008F07F9 /* Photo.m */ = {isa = PBXFileReference; fileEncoding = 4; lastKnownFileType = sourcecode.c.objc; path = Photo.m; sourceTree = "<group>"; };
		C977815419129D9E008F07F9 /* Itemcategory+Colorful.h */ = {isa = PBXFileReference; fileEncoding = 4; lastKnownFileType = sourcecode.c.h; path = "Itemcategory+Colorful.h"; sourceTree = "<group>"; };
		C977815519129D9E008F07F9 /* Itemcategory+Colorful.m */ = {isa = PBXFileReference; fileEncoding = 4; lastKnownFileType = sourcecode.c.objc; path = "Itemcategory+Colorful.m"; sourceTree = "<group>"; };
		C977815719129DFB008F07F9 /* Itemcategory.h */ = {isa = PBXFileReference; fileEncoding = 4; lastKnownFileType = sourcecode.c.h; path = Itemcategory.h; sourceTree = "<group>"; };
		C977815819129DFB008F07F9 /* Itemcategory.m */ = {isa = PBXFileReference; fileEncoding = 4; lastKnownFileType = sourcecode.c.objc; path = Itemcategory.m; sourceTree = "<group>"; };
		C977815A19129DFC008F07F9 /* Group.h */ = {isa = PBXFileReference; fileEncoding = 4; lastKnownFileType = sourcecode.c.h; path = Group.h; sourceTree = "<group>"; };
		C977815B19129DFC008F07F9 /* Group.m */ = {isa = PBXFileReference; fileEncoding = 4; lastKnownFileType = sourcecode.c.objc; path = Group.m; sourceTree = "<group>"; };
		C97DAE6619135626009B7E6C /* Photo+Image.h */ = {isa = PBXFileReference; fileEncoding = 4; lastKnownFileType = sourcecode.c.h; path = "Photo+Image.h"; sourceTree = "<group>"; };
		C97DAE6719135626009B7E6C /* Photo+Image.m */ = {isa = PBXFileReference; fileEncoding = 4; lastKnownFileType = sourcecode.c.objc; path = "Photo+Image.m"; sourceTree = "<group>"; };
		C97DAE6919136FAA009B7E6C /* Receipt+Photo.h */ = {isa = PBXFileReference; fileEncoding = 4; lastKnownFileType = sourcecode.c.h; path = "Receipt+Photo.h"; sourceTree = "<group>"; };
		C97DAE6A19136FAA009B7E6C /* Receipt+Photo.m */ = {isa = PBXFileReference; fileEncoding = 4; lastKnownFileType = sourcecode.c.objc; path = "Receipt+Photo.m"; sourceTree = "<group>"; };
		C980686518E0B4C200841064 /* ReceiptDetailTVC.h */ = {isa = PBXFileReference; fileEncoding = 4; lastKnownFileType = sourcecode.c.h; path = ReceiptDetailTVC.h; sourceTree = "<group>"; };
		C980686618E0B4C200841064 /* ReceiptDetailTVC.m */ = {isa = PBXFileReference; fileEncoding = 4; lastKnownFileType = sourcecode.c.objc; path = ReceiptDetailTVC.m; sourceTree = "<group>"; };
		C981340A190769BF00CF43CC /* ShareMainPageCDTVC.h */ = {isa = PBXFileReference; fileEncoding = 4; lastKnownFileType = sourcecode.c.h; path = ShareMainPageCDTVC.h; sourceTree = "<group>"; };
		C981340B190769BF00CF43CC /* ShareMainPageCDTVC.m */ = {isa = PBXFileReference; fileEncoding = 4; lastKnownFileType = sourcecode.c.objc; path = ShareMainPageCDTVC.m; sourceTree = "<group>"; };
		C981340D19078D0800CF43CC /* SelectTripCDTVC.h */ = {isa = PBXFileReference; fileEncoding = 4; lastKnownFileType = sourcecode.c.h; path = SelectTripCDTVC.h; sourceTree = "<group>"; };
		C981340E19078D0800CF43CC /* SelectTripCDTVC.m */ = {isa = PBXFileReference; fileEncoding = 4; lastKnownFileType = sourcecode.c.objc; path = SelectTripCDTVC.m; sourceTree = "<group>"; };
		C99C6DF11967D37000D3ABA5 /* PhotoContentVC.h */ = {isa = PBXFileReference; fileEncoding = 4; lastKnownFileType = sourcecode.c.h; path = PhotoContentVC.h; sourceTree = "<group>"; };
		C99C6DF21967D37000D3ABA5 /* PhotoContentVC.m */ = {isa = PBXFileReference; fileEncoding = 4; lastKnownFileType = sourcecode.c.objc; path = PhotoContentVC.m; sourceTree = "<group>"; };
		C9AAED8C19066D4C002D3BAB /* SelectGroupAndGuyCDTVC.h */ = {isa = PBXFileReference; fileEncoding = 4; lastKnownFileType = sourcecode.c.h; path = SelectGroupAndGuyCDTVC.h; sourceTree = "<group>"; };
		C9AAED8D19066D4C002D3BAB /* SelectGroupAndGuyCDTVC.m */ = {isa = PBXFileReference; fileEncoding = 4; lastKnownFileType = sourcecode.c.objc; path = SelectGroupAndGuyCDTVC.m; sourceTree = "<group>"; };
		C9AAED8F19067A87002D3BAB /* GroupAndGuyInTripCDTVC.h */ = {isa = PBXFileReference; fileEncoding = 4; lastKnownFileType = sourcecode.c.h; path = GroupAndGuyInTripCDTVC.h; sourceTree = "<group>"; };
		C9AAED9019067A87002D3BAB /* GroupAndGuyInTripCDTVC.m */ = {isa = PBXFileReference; fileEncoding = 4; lastKnownFileType = sourcecode.c.objc; path = GroupAndGuyInTripCDTVC.m; sourceTree = "<group>"; };
		C9AAED921906A361002D3BAB /* Group+TripGuys.h */ = {isa = PBXFileReference; fileEncoding = 4; lastKnownFileType = sourcecode.c.h; path = "Group+TripGuys.h"; sourceTree = "<group>"; };
		C9AAED931906A361002D3BAB /* Group+TripGuys.m */ = {isa = PBXFileReference; fileEncoding = 4; lastKnownFileType = sourcecode.c.objc; path = "Group+TripGuys.m"; sourceTree = "<group>"; };
		C9C4097918E7247600E1F3FE /* AddItemTVC.h */ = {isa = PBXFileReference; fileEncoding = 4; lastKnownFileType = sourcecode.c.h; path = AddItemTVC.h; sourceTree = "<group>"; };
		C9C4097A18E7247600E1F3FE /* AddItemTVC.m */ = {isa = PBXFileReference; fileEncoding = 4; lastKnownFileType = sourcecode.c.objc; path = AddItemTVC.m; sourceTree = "<group>"; };
		C9C4097C18E73D6700E1F3FE /* Receipt+Calculate.h */ = {isa = PBXFileReference; fileEncoding = 4; lastKnownFileType = sourcecode.c.h; path = "Receipt+Calculate.h"; sourceTree = "<group>"; };
		C9C4097D18E73D6700E1F3FE /* Receipt+Calculate.m */ = {isa = PBXFileReference; fileEncoding = 4; lastKnownFileType = sourcecode.c.objc; path = "Receipt+Calculate.m"; sourceTree = "<group>"; };
		C9C4098318E8758900E1F3FE /* NWCustCellTitleSubDetail.xib */ = {isa = PBXFileReference; fileEncoding = 4; lastKnownFileType = file.xib; name = NWCustCellTitleSubDetail.xib; path = NWCust/NWCustCellTitleSubDetail.xib; sourceTree = "<group>"; };
		C9C6258118F67A7800026CFA /* ItemDetailTVC.h */ = {isa = PBXFileReference; fileEncoding = 4; lastKnownFileType = sourcecode.c.h; path = ItemDetailTVC.h; sourceTree = "<group>"; };
		C9C6258218F67A7800026CFA /* ItemDetailTVC.m */ = {isa = PBXFileReference; fileEncoding = 4; lastKnownFileType = sourcecode.c.objc; path = ItemDetailTVC.m; sourceTree = "<group>"; };
		C9D28ADB18DFFFC200304370 /* Model 4_ItemCategoryGuyGroup.xcdatamodel */ = {isa = PBXFileReference; lastKnownFileType = wrapper.xcdatamodel; path = "Model 4_ItemCategoryGuyGroup.xcdatamodel"; sourceTree = "<group>"; };
		C9DB0000186B187D00F3B008 /* TryTravel2gether.app */ = {isa = PBXFileReference; explicitFileType = wrapper.application; includeInIndex = 0; path = TryTravel2gether.app; sourceTree = BUILT_PRODUCTS_DIR; };
		C9DB0003186B187D00F3B008 /* Foundation.framework */ = {isa = PBXFileReference; lastKnownFileType = wrapper.framework; name = Foundation.framework; path = System/Library/Frameworks/Foundation.framework; sourceTree = SDKROOT; };
		C9DB0005186B187D00F3B008 /* CoreGraphics.framework */ = {isa = PBXFileReference; lastKnownFileType = wrapper.framework; name = CoreGraphics.framework; path = System/Library/Frameworks/CoreGraphics.framework; sourceTree = SDKROOT; };
		C9DB0007186B187D00F3B008 /* UIKit.framework */ = {isa = PBXFileReference; lastKnownFileType = wrapper.framework; name = UIKit.framework; path = System/Library/Frameworks/UIKit.framework; sourceTree = SDKROOT; };
		C9DB000B186B187E00F3B008 /* TryTravel2gether-Info.plist */ = {isa = PBXFileReference; lastKnownFileType = text.plist.xml; path = "TryTravel2gether-Info.plist"; sourceTree = "<group>"; };
		C9DB000D186B187E00F3B008 /* en */ = {isa = PBXFileReference; lastKnownFileType = text.plist.strings; name = en; path = en.lproj/InfoPlist.strings; sourceTree = "<group>"; };
		C9DB000F186B187E00F3B008 /* main.m */ = {isa = PBXFileReference; lastKnownFileType = sourcecode.c.objc; path = main.m; sourceTree = "<group>"; };
		C9DB0011186B187E00F3B008 /* TryTravel2gether-Prefix.pch */ = {isa = PBXFileReference; lastKnownFileType = sourcecode.c.h; path = "TryTravel2gether-Prefix.pch"; sourceTree = "<group>"; };
		C9DB0016186B187E00F3B008 /* Base */ = {isa = PBXFileReference; lastKnownFileType = file.storyboard; name = Base; path = Base.lproj/Main.storyboard; sourceTree = "<group>"; };
		C9DB0021186B187E00F3B008 /* TryTravel2getherTests.xctest */ = {isa = PBXFileReference; explicitFileType = wrapper.cfbundle; includeInIndex = 0; path = TryTravel2getherTests.xctest; sourceTree = BUILT_PRODUCTS_DIR; };
		C9DB0022186B187E00F3B008 /* XCTest.framework */ = {isa = PBXFileReference; lastKnownFileType = wrapper.framework; name = XCTest.framework; path = Library/Frameworks/XCTest.framework; sourceTree = DEVELOPER_DIR; };
		C9DB002A186B187E00F3B008 /* TryTravel2getherTests-Info.plist */ = {isa = PBXFileReference; lastKnownFileType = text.plist.xml; path = "TryTravel2getherTests-Info.plist"; sourceTree = "<group>"; };
		C9DB002C186B187E00F3B008 /* en */ = {isa = PBXFileReference; lastKnownFileType = text.plist.strings; name = en; path = en.lproj/InfoPlist.strings; sourceTree = "<group>"; };
		C9DB002E186B187E00F3B008 /* TryTravel2getherTests.m */ = {isa = PBXFileReference; lastKnownFileType = sourcecode.c.objc; path = TryTravel2getherTests.m; sourceTree = "<group>"; };
		C9DB003D186B197400F3B008 /* TourModel.xcdatamodel */ = {isa = PBXFileReference; lastKnownFileType = wrapper.xcdatamodel; path = TourModel.xcdatamodel; sourceTree = "<group>"; };
		C9EE94D91908C0B600E599C1 /* TripsCDTVCWithSidebar.h */ = {isa = PBXFileReference; fileEncoding = 4; lastKnownFileType = sourcecode.c.h; path = TripsCDTVCWithSidebar.h; sourceTree = "<group>"; };
		C9EE94DA1908C0B600E599C1 /* TripsCDTVCWithSidebar.m */ = {isa = PBXFileReference; fileEncoding = 4; lastKnownFileType = sourcecode.c.objc; path = TripsCDTVCWithSidebar.m; sourceTree = "<group>"; };
		C9EE94DF1908F2D100E599C1 /* GuyInTrip+Expend.h */ = {isa = PBXFileReference; fileEncoding = 4; lastKnownFileType = sourcecode.c.h; path = "GuyInTrip+Expend.h"; sourceTree = "<group>"; };
		C9EE94E01908F2D100E599C1 /* GuyInTrip+Expend.m */ = {isa = PBXFileReference; fileEncoding = 4; lastKnownFileType = sourcecode.c.objc; path = "GuyInTrip+Expend.m"; sourceTree = "<group>"; };
		C9F64D3418E709A00005ED24 /* NWCustCellTitleSubDetail.h */ = {isa = PBXFileReference; fileEncoding = 4; lastKnownFileType = sourcecode.c.h; name = NWCustCellTitleSubDetail.h; path = NWCust/NWCustCellTitleSubDetail.h; sourceTree = "<group>"; };
		C9F64D3518E709A00005ED24 /* NWCustCellTitleSubDetail.m */ = {isa = PBXFileReference; fileEncoding = 4; lastKnownFileType = sourcecode.c.objc; name = NWCustCellTitleSubDetail.m; path = NWCust/NWCustCellTitleSubDetail.m; sourceTree = "<group>"; };
		C9F80493187A333D00EE4EDE /* Model.xcdatamodel */ = {isa = PBXFileReference; lastKnownFileType = wrapper.xcdatamodel; path = Model.xcdatamodel; sourceTree = "<group>"; };
		C9F804A3187A355900EE4EDE /* CoreData.framework */ = {isa = PBXFileReference; lastKnownFileType = wrapper.framework; name = CoreData.framework; path = System/Library/Frameworks/CoreData.framework; sourceTree = SDKROOT; };
		C9F804A5187A4C7800EE4EDE /* TripsCDTVC.h */ = {isa = PBXFileReference; fileEncoding = 4; lastKnownFileType = sourcecode.c.h; path = TripsCDTVC.h; sourceTree = "<group>"; };
		C9F804A6187A4C7800EE4EDE /* TripsCDTVC.m */ = {isa = PBXFileReference; fileEncoding = 4; lastKnownFileType = sourcecode.c.objc; path = TripsCDTVC.m; sourceTree = "<group>"; };
		C9F804A8187A4C9B00EE4EDE /* AddTripTVC.h */ = {isa = PBXFileReference; fileEncoding = 4; lastKnownFileType = sourcecode.c.h; path = AddTripTVC.h; sourceTree = "<group>"; };
		C9F804A9187A4C9B00EE4EDE /* AddTripTVC.m */ = {isa = PBXFileReference; fileEncoding = 4; lastKnownFileType = sourcecode.c.objc; path = AddTripTVC.m; sourceTree = "<group>"; };
		C9F804F5187A733000EE4EDE /* nwAppDelegate.h */ = {isa = PBXFileReference; fileEncoding = 4; lastKnownFileType = sourcecode.c.h; path = nwAppDelegate.h; sourceTree = "<group>"; };
		C9F804F6187A733000EE4EDE /* nwAppDelegate.m */ = {isa = PBXFileReference; fileEncoding = 4; lastKnownFileType = sourcecode.c.objc; path = nwAppDelegate.m; sourceTree = "<group>"; };
		C9F804F8187A74DB00EE4EDE /* CoreDataTableViewController.h */ = {isa = PBXFileReference; fileEncoding = 4; lastKnownFileType = sourcecode.c.h; path = CoreDataTableViewController.h; sourceTree = "<group>"; };
		C9F804F9187A74DB00EE4EDE /* CoreDataTableViewController.m */ = {isa = PBXFileReference; fileEncoding = 4; lastKnownFileType = sourcecode.c.objc; path = CoreDataTableViewController.m; sourceTree = "<group>"; };
		C9F804FB187AA42C00EE4EDE /* TripDetailTVC.h */ = {isa = PBXFileReference; fileEncoding = 4; lastKnownFileType = sourcecode.c.h; path = TripDetailTVC.h; sourceTree = "<group>"; };
		C9FDDA12197FA9CC0060336A /* ReceiptPhotoVC.h */ = {isa = PBXFileReference; fileEncoding = 4; lastKnownFileType = sourcecode.c.h; path = ReceiptPhotoVC.h; sourceTree = "<group>"; };
		C9FDDA13197FA9CC0060336A /* ReceiptPhotoVC.m */ = {isa = PBXFileReference; fileEncoding = 4; lastKnownFileType = sourcecode.c.objc; path = ReceiptPhotoVC.m; sourceTree = "<group>"; };
/* End PBXFileReference section */

/* Begin PBXFrameworksBuildPhase section */
		C9DB001E186B187E00F3B008 /* Frameworks */ = {
			isa = PBXFrameworksBuildPhase;
			buildActionMask = 2147483647;
			files = (
				C9DB0023186B187E00F3B008 /* XCTest.framework in Frameworks */,
				C9DB0025186B187E00F3B008 /* UIKit.framework in Frameworks */,
				C9DB0024186B187E00F3B008 /* Foundation.framework in Frameworks */,
			);
			runOnlyForDeploymentPostprocessing = 0;
		};
		C9DBFFFD186B187D00F3B008 /* Frameworks */ = {
			isa = PBXFrameworksBuildPhase;
			buildActionMask = 2147483647;
			files = (
				BF88EBDA19431B6E006E3E60 /* libGoogleAdMobAds.a in Frameworks */,
				BF9B7844192812F80040B122 /* AdSupport.framework in Frameworks */,
				BF9B7853192816860040B122 /* AudioToolbox.framework in Frameworks */,
				BF9B7852192816440040B122 /* SystemConfiguration.framework in Frameworks */,
				BF9B7850192816100040B122 /* StoreKit.framework in Frameworks */,
				BF9B784E192815D60040B122 /* MessageUI.framework in Frameworks */,
				BF9B784A192815540040B122 /* CoreTelephony.framework in Frameworks */,
				BF9B7848192813FB0040B122 /* CoreAudio.framework in Frameworks */,
				BF9B7846192813DF0040B122 /* AVFoundation.framework in Frameworks */,
				C9F804A4187A355900EE4EDE /* CoreData.framework in Frameworks */,
				C9DB0006186B187D00F3B008 /* CoreGraphics.framework in Frameworks */,
				C9DB0008186B187D00F3B008 /* UIKit.framework in Frameworks */,
				C9DB0004186B187D00F3B008 /* Foundation.framework in Frameworks */,
			);
			runOnlyForDeploymentPostprocessing = 0;
		};
/* End PBXFrameworksBuildPhase section */

/* Begin PBXGroup section */
		BF88EBDC19431B84006E3E60 /* GoogleAdMobileLibs */ = {
			isa = PBXGroup;
			children = (
				BF88EBCC19431B6E006E3E60 /* GADInAppPurchase.h */,
				BF88EBCD19431B6E006E3E60 /* GADAdMobExtras.h */,
				BF88EBCE19431B6E006E3E60 /* GADAdNetworkExtras.h */,
				BF88EBCF19431B6E006E3E60 /* GADAdSize.h */,
				BF88EBD019431B6E006E3E60 /* GADBannerView.h */,
				BF88EBD119431B6E006E3E60 /* GADBannerViewDelegate.h */,
				BF88EBD219431B6E006E3E60 /* GADInAppPurchaseDelegate.h */,
				BF88EBD319431B6E006E3E60 /* GADInterstitial.h */,
				BF88EBD419431B6E006E3E60 /* GADInterstitialDelegate.h */,
				BF88EBD519431B6E006E3E60 /* GADModules.h */,
				BF88EBD619431B6E006E3E60 /* GADRequest.h */,
				BF88EBD719431B6E006E3E60 /* GADRequestError.h */,
				BF88EBD819431B6E006E3E60 /* libGoogleAdMobAds.a */,
				BF88EBD919431B6E006E3E60 /* README.txt */,
			);
			name = GoogleAdMobileLibs;
			sourceTree = "<group>";
		};
		C90D483E18DADC1700367316 /* NWClass */ = {
			isa = PBXGroup;
			children = (
				BFC6CCFA190B888F0071D99E /* NWKeyboardUtils.h */,
				BFC6CCFB190B888F0071D99E /* NWKeyboardUtils.m */,
				C90D483F18DADC7500367316 /* NWUserSettings.h */,
				C90D484018DADC7500367316 /* NWUserSettings.m */,
				BFC6CCFD190B98AB0071D99E /* NWPickerUtils.h */,
				BFC6CCFE190B98AB0071D99E /* NWPickerUtils.m */,
				BFC6CD03190BD38B0071D99E /* NWUIScrollViewMovePostition.h */,
				BFC6CD04190BD38B0071D99E /* NWUIScrollViewMovePostition.m */,
			);
			name = NWClass;
			sourceTree = "<group>";
		};
		C913902D18F05EB20069EAC2 /* Trip */ = {
			isa = PBXGroup;
			children = (
				C9558F8F1918970200B6C430 /* TripDetailTVC.m */,
				C9F804A5187A4C7800EE4EDE /* TripsCDTVC.h */,
				C9F804A6187A4C7800EE4EDE /* TripsCDTVC.m */,
				C9F804FB187AA42C00EE4EDE /* TripDetailTVC.h */,
				C9F804A8187A4C9B00EE4EDE /* AddTripTVC.h */,
				C9F804A9187A4C9B00EE4EDE /* AddTripTVC.m */,
				C9EE94D91908C0B600E599C1 /* TripsCDTVCWithSidebar.h */,
				C9EE94DA1908C0B600E599C1 /* TripsCDTVCWithSidebar.m */,
			);
			name = Trip;
			sourceTree = "<group>";
		};
		C913902E18F05EC60069EAC2 /* Guy */ = {
			isa = PBXGroup;
			children = (
				18DF963419024EF30051366D /* GuysInTripCDTVC.h */,
				18DF963519024EF30051366D /* GuysInTripCDTVC.m */,
				18B8144018E6E9B80089BF0B /* GuysCDTVC.h */,
				18B8144118E6E9B80089BF0B /* GuysCDTVC.m */,
				18B8143D18E6E9740089BF0B /* AddGuyTVC.h */,
				18B8143E18E6E9740089BF0B /* AddGuyTVC.m */,
			);
			name = Guy;
			sourceTree = "<group>";
		};
		C913902F18F05ED90069EAC2 /* Day */ = {
			isa = PBXGroup;
			children = (
				C95AFA011886733B00DF057E /* DaysCDTVC.h */,
				C95AFA021886733B00DF057E /* DaysCDTVC.m */,
				04858D3E18AA63F000A81340 /* DayDetailTVC.h */,
				04858D3F18AA63F000A81340 /* DayDetailTVC.m */,
				0409B6F31893BEAE000C6DF6 /* AddDayTVC.h */,
				0409B6F41893BEAE000C6DF6 /* AddDayTVC.m */,
			);
			name = Day;
			sourceTree = "<group>";
		};
		C913903018F05F320069EAC2 /* Receipt */ = {
			isa = PBXGroup;
			children = (
				C94BF2C3189118940039C6CC /* ReceiptsCDTVC.h */,
				C94BF2C4189118940039C6CC /* ReceiptsCDTVC.m */,
				04A04663188A4B5D00D98809 /* AddReceiptTVC.h */,
				04A04664188A4B5D00D98809 /* AddReceiptTVC.m */,
				C980686518E0B4C200841064 /* ReceiptDetailTVC.h */,
				C980686618E0B4C200841064 /* ReceiptDetailTVC.m */,
			);
			name = Receipt;
			sourceTree = "<group>";
		};
		C913903118F05F580069EAC2 /* Item */ = {
			isa = PBXGroup;
			children = (
				C97365F018E6EA170060583A /* ItemsCDTVC.h */,
				C97365F118E6EA170060583A /* ItemsCDTVC.m */,
				C9C4097918E7247600E1F3FE /* AddItemTVC.h */,
				C9C4097A18E7247600E1F3FE /* AddItemTVC.m */,
			);
			name = Item;
			sourceTree = "<group>";
		};
		C96F0614190B926C0072899E /* Resource */ = {
			isa = PBXGroup;
			children = (
				C96F0615190B92AD0072899E /* Currency.plist */,
				C96F0617190BD34D0072899E /* ItemCategory.plist */,
				C95C792919279DBB00F073EF /* testMergeFrom.plist */,
			);
			name = Resource;
			sourceTree = "<group>";
		};
		C9AAED8B19066CA8002D3BAB /* Setting */ = {
			isa = PBXGroup;
			children = (
				C9697B1718FCF97C006148E0 /* SidebarViewController.h */,
				C9697B1818FCF97C006148E0 /* SidebarViewController.m */,
				C913902718F01D060069EAC2 /* SettingsTVC.h */,
				C913902818F01D060069EAC2 /* SettingsTVC.m */,
				C9697B1A18FD39F9006148E0 /* SettingMenuRVC.h */,
				C9697B1B18FD39F9006148E0 /* SettingMenuRVC.m */,
			);
			name = Setting;
			sourceTree = "<group>";
		};
		C9AB71121901390700853F42 /* Libraries */ = {
			isa = PBXGroup;
			children = (
				040A631D188ADB7B0084A3EC /* CoreDataTableViewCell.h */,
				040A631E188ADB7B0084A3EC /* CoreDataTableViewCell.m */,
				C9F804F8187A74DB00EE4EDE /* CoreDataTableViewController.h */,
				C9F804F9187A74DB00EE4EDE /* CoreDataTableViewController.m */,
				C9697B1418FCF8E1006148E0 /* SWRevealViewController.h */,
				C9697B1518FCF8E1006148E0 /* SWRevealViewController.m */,
			);
			name = Libraries;
			sourceTree = "<group>";
		};
		C9C4098218E8754000E1F3FE /* CustView */ = {
			isa = PBXGroup;
			children = (
				180A50691914EFE40053A9F0 /* NWCustCellSwitch.xib */,
				C9C4098318E8758900E1F3FE /* NWCustCellTitleSubDetail.xib */,
				C907B72D194C4438001A4C53 /* NWCustCellImageTitleSubDetail.xib */,
			);
			name = CustView;
			sourceTree = "<group>";
		};
		C9DB0001186B187D00F3B008 /* Products */ = {
			isa = PBXGroup;
			children = (
				C9DB0000186B187D00F3B008 /* TryTravel2gether.app */,
				C9DB0021186B187E00F3B008 /* TryTravel2getherTests.xctest */,
			);
			name = Products;
			sourceTree = "<group>";
		};
		C9DB0002186B187D00F3B008 /* Frameworks */ = {
			isa = PBXGroup;
			children = (
				BF88EBA91942F52D006E3E60 /* project.pbxproj */,
				BF9B7851192816440040B122 /* SystemConfiguration.framework */,
				BF9B784F192816100040B122 /* StoreKit.framework */,
				BF9B784D192815D60040B122 /* MessageUI.framework */,
				BF9B784B192815950040B122 /* AudioToolbox.framework */,
				BF9B7849192815540040B122 /* CoreTelephony.framework */,
				BF9B7847192813FB0040B122 /* CoreAudio.framework */,
				BF9B7845192813DF0040B122 /* AVFoundation.framework */,
				BF9B7843192812F80040B122 /* AdSupport.framework */,
				C9F804A3187A355900EE4EDE /* CoreData.framework */,
				C9DB0003186B187D00F3B008 /* Foundation.framework */,
				C9DB0005186B187D00F3B008 /* CoreGraphics.framework */,
				C9DB0007186B187D00F3B008 /* UIKit.framework */,
				C9DB0022186B187E00F3B008 /* XCTest.framework */,
			);
			name = Frameworks;
			sourceTree = "<group>";
		};
		C9DB0009186B187E00F3B008 /* TryTravel2gether */ = {
			isa = PBXGroup;
			children = (
				BF88EBDC19431B84006E3E60 /* GoogleAdMobileLibs */,
				C96F0614190B926C0072899E /* Resource */,
				C903A89A18D46D76009708C6 /* Images.xcassets */,
				C9F804F5187A733000EE4EDE /* nwAppDelegate.h */,
				C9F804F6187A733000EE4EDE /* nwAppDelegate.m */,
				C9F804A2187A34EB00EE4EDE /* View */,
				C9C4098218E8754000E1F3FE /* CustView */,
				C9DB003B186B195800F3B008 /* CoreDataModel */,
				C9AB71121901390700853F42 /* Libraries */,
				C9F804A1187A34B400EE4EDE /* Controller */,
				C9F64D3318E708D80005ED24 /* CustController */,
				C90D483E18DADC1700367316 /* NWClass */,
				C9DB000A186B187E00F3B008 /* Supporting Files */,
			);
			path = TryTravel2gether;
			sourceTree = "<group>";
		};
		C9DB000A186B187E00F3B008 /* Supporting Files */ = {
			isa = PBXGroup;
			children = (
				C9DB000B186B187E00F3B008 /* TryTravel2gether-Info.plist */,
				C9DB000C186B187E00F3B008 /* InfoPlist.strings */,
				C9DB000F186B187E00F3B008 /* main.m */,
				C9DB0011186B187E00F3B008 /* TryTravel2gether-Prefix.pch */,
			);
			name = "Supporting Files";
			sourceTree = "<group>";
		};
		C9DB0028186B187E00F3B008 /* TryTravel2getherTests */ = {
			isa = PBXGroup;
			children = (
				C9DB002E186B187E00F3B008 /* TryTravel2getherTests.m */,
				C9DB0029186B187E00F3B008 /* Supporting Files */,
			);
			path = TryTravel2getherTests;
			sourceTree = "<group>";
		};
		C9DB0029186B187E00F3B008 /* Supporting Files */ = {
			isa = PBXGroup;
			children = (
				C9DB002A186B187E00F3B008 /* TryTravel2getherTests-Info.plist */,
				C9DB002B186B187E00F3B008 /* InfoPlist.strings */,
			);
			name = "Supporting Files";
			sourceTree = "<group>";
		};
		C9DB003B186B195800F3B008 /* CoreDataModel */ = {
			isa = PBXGroup;
			children = (
				186C1B261927378E00C87DE7 /* GuyInTrip+Group.h */,
				186C1B271927378E00C87DE7 /* GuyInTrip+Group.m */,
				186C1B291927395D00C87DE7 /* Group+Special.h */,
				186C1B2A1927395D00C87DE7 /* Group+Special.m */,
				C977812A19123298008F07F9 /* CatInTrip.h */,
				C977812B19123298008F07F9 /* CatInTrip.m */,
				C964B92F18D42FDC002EF48C /* Currency.h */,
				C964B93018D42FDC002EF48C /* Currency.m */,
				C964B92C18D42BBB002EF48C /* Day+Expend.h */,
				C964B92D18D42BBB002EF48C /* Day+Expend.m */,
				0409B6F01892B763000C6DF6 /* Day+TripDay.h */,
				0409B6F11892B763000C6DF6 /* Day+TripDay.m */,
				C964B93218D43061002EF48C /* Day.h */,
				C964B93318D43061002EF48C /* Day.m */,
				C909F36C18D0125800E02B8D /* DayCurrency.h */,
				C909F36D18D0125800E02B8D /* DayCurrency.m */,
				C9AAED921906A361002D3BAB /* Group+TripGuys.h */,
				C9AAED931906A361002D3BAB /* Group+TripGuys.m */,
				C977815A19129DFC008F07F9 /* Group.h */,
				C977815B19129DFC008F07F9 /* Group.m */,
				18DE117D18F97F72003F3083 /* Guy.h */,
				18DE117E18F97F72003F3083 /* Guy.m */,
				C9EE94DF1908F2D100E599C1 /* GuyInTrip+Expend.h */,
				C9EE94E01908F2D100E599C1 /* GuyInTrip+Expend.m */,
				18DE117A18F97F72003F3083 /* GuyInTrip.h */,
				18DE117B18F97F72003F3083 /* GuyInTrip.m */,
				C92ABB25190E11EF00BEA584 /* Item+Expend.h */,
				C92ABB26190E11EF00BEA584 /* Item+Expend.m */,
				C977815419129D9E008F07F9 /* Itemcategory+Colorful.h */,
				C977815519129D9E008F07F9 /* Itemcategory+Colorful.m */,
				C977815719129DFB008F07F9 /* Itemcategory.h */,
				C977815819129DFB008F07F9 /* Itemcategory.m */,
				C9F80492187A333D00EE4EDE /* Model.xcdatamodeld */,
				C9558F8C191893D500B6C430 /* Item.h */,
				C9558F8D191893D500B6C430 /* Item.m */,
				C977813919123299008F07F9 /* Photo.h */,
				C977813A19123299008F07F9 /* Photo.m */,
				C97DAE6619135626009B7E6C /* Photo+Image.h */,
				C97DAE6719135626009B7E6C /* Photo+Image.m */,
				C9C4097C18E73D6700E1F3FE /* Receipt+Calculate.h */,
				C9C4097D18E73D6700E1F3FE /* Receipt+Calculate.m */,
				C977813319123299008F07F9 /* Receipt.h */,
				C97DAE6919136FAA009B7E6C /* Receipt+Photo.h */,
				C97DAE6A19136FAA009B7E6C /* Receipt+Photo.m */,
				C977813419123299008F07F9 /* Receipt.m */,
				C9DB003C186B197400F3B008 /* TourModel.xcdatamodeld */,
				04ED46EE18A64CAF004EA22E /* Trip+Days.h */,
				04ED46EF18A64CAF004EA22E /* Trip+Days.m */,
				1863F9CE190BAFC80033AECF /* Trip+Group.h */,
				1863F9CF190BAFC80033AECF /* Trip+Group.m */,
				C977813619123299008F07F9 /* Trip.h */,
				C977813719123299008F07F9 /* Trip.m */,
			);
			name = CoreDataModel;
			sourceTree = "<group>";
		};
		C9DBFFF7186B187D00F3B008 = {
			isa = PBXGroup;
			children = (
				C9DB0009186B187E00F3B008 /* TryTravel2gether */,
				C9DB0028186B187E00F3B008 /* TryTravel2getherTests */,
				C9DB0002186B187D00F3B008 /* Frameworks */,
				C9DB0001186B187D00F3B008 /* Products */,
			);
			sourceTree = "<group>";
		};
		C9F64D3318E708D80005ED24 /* CustController */ = {
			isa = PBXGroup;
			children = (
				BF6179B51930A3560016D235 /* NWCustAdMobTabBarController.h */,
				BF6179B61930A3560016D235 /* NWCustAdMobTabBarController.m */,
				1869ACF11914F19600BF8547 /* NWCustCellSwitch.h */,
				1869ACF21914F19600BF8547 /* NWCustCellSwitch.m */,
				C9F64D3418E709A00005ED24 /* NWCustCellTitleSubDetail.h */,
				C90333291988D72200A55362 /* NWAdShiftTableViewController.h */,
				C903332A1988D72200A55362 /* NWAdShiftTableViewController.m */,
				C9F64D3518E709A00005ED24 /* NWCustCellTitleSubDetail.m */,
				C907B72B194C4438001A4C53 /* NWCustCellImageTitleSubDetail.h */,
				C907B72C194C4438001A4C53 /* NWCustCellImageTitleSubDetail.m */,
			);
			name = CustController;
			sourceTree = "<group>";
		};
		C9F804A1187A34B400EE4EDE /* Controller */ = {
			isa = PBXGroup;
			children = (
				C96AC7B118F10EBB0037DA8B /* AddCategoryTVC.h */,
				C96AC7B218F10EBB0037DA8B /* AddCategoryTVC.m */,
				183412D319270D320082AB76 /* GroupDetailTVC.h */,
				183412D419270D320082AB76 /* GroupDetailTVC.m */,
				1863F9CB190B681D0033AECF /* AddGroupTVC.h */,
				1863F9CC190B681D0033AECF /* AddGroupTVC.m */,
				C913902A18F034420069EAC2 /* CategoriesCDTVC.h */,
				C913902B18F034420069EAC2 /* CategoriesCDTVC.m */,
				C909F35118D00FE600E02B8D /* CurrencyCDTVC.h */,
				C909F35218D00FE600E02B8D /* CurrencyCDTVC.m */,
				C913902F18F05ED90069EAC2 /* Day */,
				C9AAED8F19067A87002D3BAB /* GroupAndGuyInTripCDTVC.h */,
				C9AAED9019067A87002D3BAB /* GroupAndGuyInTripCDTVC.m */,
				C913902E18F05EC60069EAC2 /* Guy */,
				C913903118F05F580069EAC2 /* Item */,
				C9C6258118F67A7800026CFA /* ItemDetailTVC.h */,
				C9C6258218F67A7800026CFA /* ItemDetailTVC.m */,
				C913903018F05F320069EAC2 /* Receipt */,
				C96AC7B418F24D410037DA8B /* SelectCategoryCDTVC.h */,
				C96AC7B518F24D410037DA8B /* SelectCategoryCDTVC.m */,
				C9AAED8C19066D4C002D3BAB /* SelectGroupAndGuyCDTVC.h */,
				C9AAED8D19066D4C002D3BAB /* SelectGroupAndGuyCDTVC.m */,
				1859D0FC18F00AD200C93338 /* SelectGuysCDTVC.h */,
				1859D0FD18F00AD200C93338 /* SelectGuysCDTVC.m */,
				C981340D19078D0800CF43CC /* SelectTripCDTVC.h */,
				C981340E19078D0800CF43CC /* SelectTripCDTVC.m */,
				C9AAED8B19066CA8002D3BAB /* Setting */,
				C981340A190769BF00CF43CC /* ShareMainPageCDTVC.h */,
				C981340B190769BF00CF43CC /* ShareMainPageCDTVC.m */,
				C913902D18F05EB20069EAC2 /* Trip */,
				040A6323188ADE480084A3EC /* TripDaysTVC.h */,
				040A6324188ADE480084A3EC /* TripDaysTVC.m */,
				C99C6DF11967D37000D3ABA5 /* PhotoContentVC.h */,
				C99C6DF21967D37000D3ABA5 /* PhotoContentVC.m */,
				C9FDDA12197FA9CC0060336A /* ReceiptPhotoVC.h */,
				C9FDDA13197FA9CC0060336A /* ReceiptPhotoVC.m */,
			);
			name = Controller;
			sourceTree = "<group>";
		};
		C9F804A2187A34EB00EE4EDE /* View */ = {
			isa = PBXGroup;
			children = (
				C9DB0015186B187E00F3B008 /* Main.storyboard */,
			);
			name = View;
			sourceTree = "<group>";
		};
/* End PBXGroup section */

/* Begin PBXNativeTarget section */
		C9DB0020186B187E00F3B008 /* TryTravel2getherTests */ = {
			isa = PBXNativeTarget;
			buildConfigurationList = C9DB0035186B187E00F3B008 /* Build configuration list for PBXNativeTarget "TryTravel2getherTests" */;
			buildPhases = (
				C9DB001D186B187E00F3B008 /* Sources */,
				C9DB001E186B187E00F3B008 /* Frameworks */,
				C9DB001F186B187E00F3B008 /* Resources */,
			);
			buildRules = (
			);
			dependencies = (
				C9DB0027186B187E00F3B008 /* PBXTargetDependency */,
			);
			name = TryTravel2getherTests;
			productName = TryTravel2getherTests;
			productReference = C9DB0021186B187E00F3B008 /* TryTravel2getherTests.xctest */;
			productType = "com.apple.product-type.bundle.unit-test";
		};
		C9DBFFFF186B187D00F3B008 /* TryTravel2gether */ = {
			isa = PBXNativeTarget;
			buildConfigurationList = C9DB0032186B187E00F3B008 /* Build configuration list for PBXNativeTarget "TryTravel2gether" */;
			buildPhases = (
				C9DBFFFC186B187D00F3B008 /* Sources */,
				C9DBFFFD186B187D00F3B008 /* Frameworks */,
				C9DBFFFE186B187D00F3B008 /* Resources */,
				BF744919196E721100515C63 /* ShellScript */,
			);
			buildRules = (
			);
			dependencies = (
			);
			name = TryTravel2gether;
			productName = TryTravel2gether;
			productReference = C9DB0000186B187D00F3B008 /* TryTravel2gether.app */;
			productType = "com.apple.product-type.application";
		};
/* End PBXNativeTarget section */

/* Begin PBXProject section */
		C9DBFFF8186B187D00F3B008 /* Project object */ = {
			isa = PBXProject;
			attributes = {
				CLASSPREFIX = nw;
				LastUpgradeCheck = 0510;
				ORGANIZATIONNAME = NW;
				TargetAttributes = {
					C9DB0020186B187E00F3B008 = {
						TestTargetID = C9DBFFFF186B187D00F3B008;
					};
					C9DBFFFF186B187D00F3B008 = {
						DevelopmentTeam = 7D95C3P75W;
					};
				};
			};
			buildConfigurationList = C9DBFFFB186B187D00F3B008 /* Build configuration list for PBXProject "TryTravel2gether" */;
			compatibilityVersion = "Xcode 3.2";
			developmentRegion = English;
			hasScannedForEncodings = 0;
			knownRegions = (
				en,
				Base,
			);
			mainGroup = C9DBFFF7186B187D00F3B008;
			productRefGroup = C9DB0001186B187D00F3B008 /* Products */;
			projectDirPath = "";
			projectRoot = "";
			targets = (
				C9DBFFFF186B187D00F3B008 /* TryTravel2gether */,
				C9DB0020186B187E00F3B008 /* TryTravel2getherTests */,
			);
		};
/* End PBXProject section */

/* Begin PBXResourcesBuildPhase section */
		C9DB001F186B187E00F3B008 /* Resources */ = {
			isa = PBXResourcesBuildPhase;
			buildActionMask = 2147483647;
			files = (
				C9DB002D186B187E00F3B008 /* InfoPlist.strings in Resources */,
			);
			runOnlyForDeploymentPostprocessing = 0;
		};
		C9DBFFFE186B187D00F3B008 /* Resources */ = {
			isa = PBXResourcesBuildPhase;
			buildActionMask = 2147483647;
			files = (
				C907B72F194C4438001A4C53 /* NWCustCellImageTitleSubDetail.xib in Resources */,
				180A506A1914EFE40053A9F0 /* NWCustCellSwitch.xib in Resources */,
				BF88EBDB19431B6E006E3E60 /* README.txt in Resources */,
				C95C792A19279DBB00F073EF /* testMergeFrom.plist in Resources */,
				C9C4098418E8758900E1F3FE /* NWCustCellTitleSubDetail.xib in Resources */,
				C96F0618190BD34D0072899E /* ItemCategory.plist in Resources */,
				C96F0616190B92AD0072899E /* Currency.plist in Resources */,
				C9DB000E186B187E00F3B008 /* InfoPlist.strings in Resources */,
				C903A89B18D46D76009708C6 /* Images.xcassets in Resources */,
				C9DB0017186B187E00F3B008 /* Main.storyboard in Resources */,
			);
			runOnlyForDeploymentPostprocessing = 0;
		};
/* End PBXResourcesBuildPhase section */

/* Begin PBXShellScriptBuildPhase section */
		BF744919196E721100515C63 /* ShellScript */ = {
			isa = PBXShellScriptBuildPhase;
			buildActionMask = 2147483647;
			files = (
			);
			inputPaths = (
			);
			outputPaths = (
			);
			runOnlyForDeploymentPostprocessing = 0;
			shellPath = /bin/sh;
			shellScript = "export CODESIGN_ALLOCATE=/Applications/Xcode.app/Contents/Developer/Platforms/iPhoneOS.platform/Developer/usr/bin/codesign_allocate\nif [ \"${PLATFORM_NAME}\" == \"iphoneos\" ] || [ \"${PLATFORM_NAME}\" == \"ipados\" ]; then\n/Applications/Xcode.app/Contents/Developer/iphoneentitlements/gen_entitlements.py \"my.company.${PROJECT_NAME}\" \"${BUILT_PRODUCTS_DIR}/${WRAPPER_NAME}/${PROJECT_NAME}.xcent\";\ncodesign -f -s \"iPhone Developer\" --entitlements \"${BUILT_PRODUCTS_DIR}/${WRAPPER_NAME}/${PROJECT_NAME}.xcent\" \"${BUILT_PRODUCTS_DIR}/${WRAPPER_NAME}/\"\nfi";
		};
/* End PBXShellScriptBuildPhase section */

/* Begin PBXSourcesBuildPhase section */
		C9DB001D186B187E00F3B008 /* Sources */ = {
			isa = PBXSourcesBuildPhase;
			buildActionMask = 2147483647;
			files = (
				C9DB002F186B187E00F3B008 /* TryTravel2getherTests.m in Sources */,
			);
			runOnlyForDeploymentPostprocessing = 0;
		};
		C9DBFFFC186B187D00F3B008 /* Sources */ = {
			isa = PBXSourcesBuildPhase;
			buildActionMask = 2147483647;
			files = (
				C981340C190769BF00CF43CC /* ShareMainPageCDTVC.m in Sources */,
				C9697B1918FCF97C006148E0 /* SidebarViewController.m in Sources */,
				C9FDDA14197FA9CC0060336A /* ReceiptPhotoVC.m in Sources */,
				18B8143F18E6E9740089BF0B /* AddGuyTVC.m in Sources */,
				C92ABB27190E11EF00BEA584 /* Item+Expend.m in Sources */,
				C9F804AA187A4C9B00EE4EDE /* AddTripTVC.m in Sources */,
				C95AFA031886733B00DF057E /* DaysCDTVC.m in Sources */,
				C907B72E194C4438001A4C53 /* NWCustCellImageTitleSubDetail.m in Sources */,
				BFC6CCFC190B888F0071D99E /* NWKeyboardUtils.m in Sources */,
				BF6179B71930A3560016D235 /* NWCustAdMobTabBarController.m in Sources */,
				C90D484118DADC7500367316 /* NWUserSettings.m in Sources */,
				C97365F218E6EA170060583A /* ItemsCDTVC.m in Sources */,
				C977812C19123298008F07F9 /* CatInTrip.m in Sources */,
				C9F804FA187A74DB00EE4EDE /* CoreDataTableViewController.m in Sources */,
				C97DAE6819135626009B7E6C /* Photo+Image.m in Sources */,
				C9C4097E18E73D6700E1F3FE /* Receipt+Calculate.m in Sources */,
				C9C4097B18E7247600E1F3FE /* AddItemTVC.m in Sources */,
				0409B6F51893BEAE000C6DF6 /* AddDayTVC.m in Sources */,
				C977813B19123299008F07F9 /* Photo.m in Sources */,
				C9DB0010186B187E00F3B008 /* main.m in Sources */,
				C903332B1988D72200A55362 /* NWAdShiftTableViewController.m in Sources */,
				04ED46F018A64CAF004EA22E /* Trip+Days.m in Sources */,
				C977815919129DFB008F07F9 /* Itemcategory.m in Sources */,
				C9AAED941906A361002D3BAB /* Group+TripGuys.m in Sources */,
				C913902C18F034420069EAC2 /* CategoriesCDTVC.m in Sources */,
				C9AAED9119067A87002D3BAB /* GroupAndGuyInTripCDTVC.m in Sources */,
				C9C6258318F67A7800026CFA /* ItemDetailTVC.m in Sources */,
				1859D0FE18F00AD200C93338 /* SelectGuysCDTVC.m in Sources */,
				18DF963619024EF30051366D /* GuysInTripCDTVC.m in Sources */,
				04858D4018AA63F000A81340 /* DayDetailTVC.m in Sources */,
				C97DAE6B19136FAA009B7E6C /* Receipt+Photo.m in Sources */,
				186C1B2B1927395D00C87DE7 /* Group+Special.m in Sources */,
				C9697B1618FCF8E1006148E0 /* SWRevealViewController.m in Sources */,
				C964B93118D42FDC002EF48C /* Currency.m in Sources */,
				18DE117F18F97F72003F3083 /* Guy.m in Sources */,
				0409B6F21892B763000C6DF6 /* Day+TripDay.m in Sources */,
				C9F80494187A333D00EE4EDE /* Model.xcdatamodeld in Sources */,
				BFC6CCFF190B98AB0071D99E /* NWPickerUtils.m in Sources */,
				C9EE94E11908F2D100E599C1 /* GuyInTrip+Expend.m in Sources */,
				C9F804A7187A4C7800EE4EDE /* TripsCDTVC.m in Sources */,
				C913902918F01D060069EAC2 /* SettingsTVC.m in Sources */,
				C9AAED8E19066D4C002D3BAB /* SelectGroupAndGuyCDTVC.m in Sources */,
				1863F9CD190B681D0033AECF /* AddGroupTVC.m in Sources */,
				040A6325188ADE480084A3EC /* TripDaysTVC.m in Sources */,
				C909F35318D00FE600E02B8D /* CurrencyCDTVC.m in Sources */,
				C9EE94DB1908C0B600E599C1 /* TripsCDTVCWithSidebar.m in Sources */,
				C977813819123299008F07F9 /* Trip.m in Sources */,
				C977815619129D9E008F07F9 /* Itemcategory+Colorful.m in Sources */,
				040A631F188ADB7B0084A3EC /* CoreDataTableViewCell.m in Sources */,
				C981340F19078D0800CF43CC /* SelectTripCDTVC.m in Sources */,
				BFC6CD05190BD38B0071D99E /* NWUIScrollViewMovePostition.m in Sources */,
				C909F36E18D0125800E02B8D /* DayCurrency.m in Sources */,
				186C1B281927378E00C87DE7 /* GuyInTrip+Group.m in Sources */,
				C99C6DF31967D37000D3ABA5 /* PhotoContentVC.m in Sources */,
				C977815C19129DFC008F07F9 /* Group.m in Sources */,
				C9558F8E191893D500B6C430 /* Item.m in Sources */,
				C9558F901918970200B6C430 /* TripDetailTVC.m in Sources */,
				C9F804F7187A733000EE4EDE /* nwAppDelegate.m in Sources */,
				18DE117C18F97F72003F3083 /* GuyInTrip.m in Sources */,
				183412D519270D320082AB76 /* GroupDetailTVC.m in Sources */,
				C96AC7B318F10EBB0037DA8B /* AddCategoryTVC.m in Sources */,
				1863F9D0190BAFC80033AECF /* Trip+Group.m in Sources */,
				C9F64D3618E709A00005ED24 /* NWCustCellTitleSubDetail.m in Sources */,
				18B8144218E6E9B80089BF0B /* GuysCDTVC.m in Sources */,
				C980686718E0B4C200841064 /* ReceiptDetailTVC.m in Sources */,
				C9DB003E186B197400F3B008 /* TourModel.xcdatamodeld in Sources */,
				C96AC7B618F24D410037DA8B /* SelectCategoryCDTVC.m in Sources */,
				1869ACF31914F19600BF8547 /* NWCustCellSwitch.m in Sources */,
				C964B92E18D42BBB002EF48C /* Day+Expend.m in Sources */,
				C977813519123299008F07F9 /* Receipt.m in Sources */,
				C964B93418D43061002EF48C /* Day.m in Sources */,
				04A04665188A4B5D00D98809 /* AddReceiptTVC.m in Sources */,
				C9697B1C18FD39F9006148E0 /* SettingMenuRVC.m in Sources */,
			);
			runOnlyForDeploymentPostprocessing = 0;
		};
/* End PBXSourcesBuildPhase section */

/* Begin PBXTargetDependency section */
		C9DB0027186B187E00F3B008 /* PBXTargetDependency */ = {
			isa = PBXTargetDependency;
			target = C9DBFFFF186B187D00F3B008 /* TryTravel2gether */;
			targetProxy = C9DB0026186B187E00F3B008 /* PBXContainerItemProxy */;
		};
/* End PBXTargetDependency section */

/* Begin PBXVariantGroup section */
		C9DB000C186B187E00F3B008 /* InfoPlist.strings */ = {
			isa = PBXVariantGroup;
			children = (
				C9DB000D186B187E00F3B008 /* en */,
			);
			name = InfoPlist.strings;
			sourceTree = "<group>";
		};
		C9DB0015186B187E00F3B008 /* Main.storyboard */ = {
			isa = PBXVariantGroup;
			children = (
				C9DB0016186B187E00F3B008 /* Base */,
			);
			name = Main.storyboard;
			sourceTree = "<group>";
		};
		C9DB002B186B187E00F3B008 /* InfoPlist.strings */ = {
			isa = PBXVariantGroup;
			children = (
				C9DB002C186B187E00F3B008 /* en */,
			);
			name = InfoPlist.strings;
			sourceTree = "<group>";
		};
/* End PBXVariantGroup section */

/* Begin XCBuildConfiguration section */
		C9DB0030186B187E00F3B008 /* Debug */ = {
			isa = XCBuildConfiguration;
			buildSettings = {
				ALWAYS_SEARCH_USER_PATHS = NO;
				CLANG_CXX_LANGUAGE_STANDARD = "gnu++0x";
				CLANG_CXX_LIBRARY = "libc++";
				CLANG_ENABLE_MODULES = YES;
				CLANG_ENABLE_OBJC_ARC = YES;
				CLANG_WARN_BOOL_CONVERSION = YES;
				CLANG_WARN_CONSTANT_CONVERSION = YES;
				CLANG_WARN_DIRECT_OBJC_ISA_USAGE = YES_ERROR;
				CLANG_WARN_EMPTY_BODY = YES;
				CLANG_WARN_ENUM_CONVERSION = YES;
				CLANG_WARN_INT_CONVERSION = YES;
				CLANG_WARN_OBJC_ROOT_CLASS = YES_ERROR;
				CLANG_WARN__DUPLICATE_METHOD_MATCH = YES;
				"CODE_SIGN_IDENTITY[sdk=iphoneos*]" = "iPhone Developer";
				COPY_PHASE_STRIP = NO;
				GCC_C_LANGUAGE_STANDARD = gnu99;
				GCC_DYNAMIC_NO_PIC = NO;
				GCC_OPTIMIZATION_LEVEL = 0;
				GCC_PREPROCESSOR_DEFINITIONS = (
					"DEBUG=1",
					"$(inherited)",
				);
				GCC_SYMBOLS_PRIVATE_EXTERN = NO;
				GCC_WARN_64_TO_32_BIT_CONVERSION = YES;
				GCC_WARN_ABOUT_RETURN_TYPE = YES_ERROR;
				GCC_WARN_UNDECLARED_SELECTOR = YES;
				GCC_WARN_UNINITIALIZED_AUTOS = YES;
				GCC_WARN_UNUSED_FUNCTION = YES;
				GCC_WARN_UNUSED_VARIABLE = YES;
				IPHONEOS_DEPLOYMENT_TARGET = 7.1;
				ONLY_ACTIVE_ARCH = YES;
				SDKROOT = iphoneos;
			};
			name = Debug;
		};
		C9DB0031186B187E00F3B008 /* Release */ = {
			isa = XCBuildConfiguration;
			buildSettings = {
				ALWAYS_SEARCH_USER_PATHS = NO;
				CLANG_CXX_LANGUAGE_STANDARD = "gnu++0x";
				CLANG_CXX_LIBRARY = "libc++";
				CLANG_ENABLE_MODULES = YES;
				CLANG_ENABLE_OBJC_ARC = YES;
				CLANG_WARN_BOOL_CONVERSION = YES;
				CLANG_WARN_CONSTANT_CONVERSION = YES;
				CLANG_WARN_DIRECT_OBJC_ISA_USAGE = YES_ERROR;
				CLANG_WARN_EMPTY_BODY = YES;
				CLANG_WARN_ENUM_CONVERSION = YES;
				CLANG_WARN_INT_CONVERSION = YES;
				CLANG_WARN_OBJC_ROOT_CLASS = YES_ERROR;
				CLANG_WARN__DUPLICATE_METHOD_MATCH = YES;
				CODE_SIGN_IDENTITY = "";
				"CODE_SIGN_IDENTITY[sdk=iphoneos*]" = "iPhone Developer";
				COPY_PHASE_STRIP = YES;
				ENABLE_NS_ASSERTIONS = NO;
				GCC_C_LANGUAGE_STANDARD = gnu99;
				GCC_WARN_64_TO_32_BIT_CONVERSION = YES;
				GCC_WARN_ABOUT_RETURN_TYPE = YES_ERROR;
				GCC_WARN_UNDECLARED_SELECTOR = YES;
				GCC_WARN_UNINITIALIZED_AUTOS = YES;
				GCC_WARN_UNUSED_FUNCTION = YES;
				GCC_WARN_UNUSED_VARIABLE = YES;
				IPHONEOS_DEPLOYMENT_TARGET = 7.1;
				SDKROOT = iphoneos;
				VALIDATE_PRODUCT = YES;
			};
			name = Release;
		};
		C9DB0033186B187E00F3B008 /* Debug */ = {
			isa = XCBuildConfiguration;
			buildSettings = {
				ASSETCATALOG_COMPILER_APPICON_NAME = AppIcon;
				ASSETCATALOG_COMPILER_LAUNCHIMAGE_NAME = LaunchImage;
				CODE_SIGN_IDENTITY = "iPhone Developer";
				"CODE_SIGN_IDENTITY[sdk=iphoneos*]" = "iPhone Developer";
				GCC_PRECOMPILE_PREFIX_HEADER = YES;
				GCC_PREFIX_HEADER = "TryTravel2gether/TryTravel2gether-Prefix.pch";
				INFOPLIST_FILE = "TryTravel2gether/TryTravel2gether-Info.plist";
				LIBRARY_SEARCH_PATHS = (
					"$(PROJECT_DIR)",
					"$(PROJECT_DIR)/TryTravel2gether",
				);
				"OTHER_LDFLAGS[arch=*]" = "-ObjC";
				PRODUCT_NAME = "$(TARGET_NAME)";
				PROVISIONING_PROFILE = "";
				TARGETED_DEVICE_FAMILY = 1;
				WRAPPER_EXTENSION = app;
			};
			name = Debug;
		};
		C9DB0034186B187E00F3B008 /* Release */ = {
			isa = XCBuildConfiguration;
			buildSettings = {
				ASSETCATALOG_COMPILER_APPICON_NAME = AppIcon;
				ASSETCATALOG_COMPILER_LAUNCHIMAGE_NAME = LaunchImage;
				CODE_SIGN_IDENTITY = "iPhone Developer";
				"CODE_SIGN_IDENTITY[sdk=iphoneos*]" = "iPhone Developer";
				GCC_PRECOMPILE_PREFIX_HEADER = YES;
				GCC_PREFIX_HEADER = "TryTravel2gether/TryTravel2gether-Prefix.pch";
				INFOPLIST_FILE = "TryTravel2gether/TryTravel2gether-Info.plist";
				LIBRARY_SEARCH_PATHS = (
					"$(PROJECT_DIR)",
					"$(PROJECT_DIR)/TryTravel2gether",
				);
				"OTHER_LDFLAGS[arch=*]" = "-ObjC";
				PRODUCT_NAME = "$(TARGET_NAME)";
				PROVISIONING_PROFILE = "";
				TARGETED_DEVICE_FAMILY = 1;
				WRAPPER_EXTENSION = app;
			};
			name = Release;
		};
		C9DB0036186B187E00F3B008 /* Debug */ = {
			isa = XCBuildConfiguration;
			buildSettings = {
				BUNDLE_LOADER = "$(BUILT_PRODUCTS_DIR)/TryTravel2gether.app/TryTravel2gether";
				FRAMEWORK_SEARCH_PATHS = (
					"$(SDKROOT)/Developer/Library/Frameworks",
					"$(inherited)",
					"$(DEVELOPER_FRAMEWORKS_DIR)",
				);
				GCC_PRECOMPILE_PREFIX_HEADER = YES;
				GCC_PREFIX_HEADER = "TryTravel2gether/TryTravel2gether-Prefix.pch";
				GCC_PREPROCESSOR_DEFINITIONS = (
					"DEBUG=1",
					"$(inherited)",
				);
				INFOPLIST_FILE = "TryTravel2getherTests/TryTravel2getherTests-Info.plist";
				PRODUCT_NAME = "$(TARGET_NAME)";
				TEST_HOST = "$(BUNDLE_LOADER)";
				WRAPPER_EXTENSION = xctest;
			};
			name = Debug;
		};
		C9DB0037186B187E00F3B008 /* Release */ = {
			isa = XCBuildConfiguration;
			buildSettings = {
				BUNDLE_LOADER = "$(BUILT_PRODUCTS_DIR)/TryTravel2gether.app/TryTravel2gether";
				FRAMEWORK_SEARCH_PATHS = (
					"$(SDKROOT)/Developer/Library/Frameworks",
					"$(inherited)",
					"$(DEVELOPER_FRAMEWORKS_DIR)",
				);
				GCC_PRECOMPILE_PREFIX_HEADER = YES;
				GCC_PREFIX_HEADER = "TryTravel2gether/TryTravel2gether-Prefix.pch";
				INFOPLIST_FILE = "TryTravel2getherTests/TryTravel2getherTests-Info.plist";
				PRODUCT_NAME = "$(TARGET_NAME)";
				TEST_HOST = "$(BUNDLE_LOADER)";
				WRAPPER_EXTENSION = xctest;
			};
			name = Release;
		};
/* End XCBuildConfiguration section */

/* Begin XCConfigurationList section */
		C9DB0032186B187E00F3B008 /* Build configuration list for PBXNativeTarget "TryTravel2gether" */ = {
			isa = XCConfigurationList;
			buildConfigurations = (
				C9DB0033186B187E00F3B008 /* Debug */,
				C9DB0034186B187E00F3B008 /* Release */,
			);
			defaultConfigurationIsVisible = 0;
			defaultConfigurationName = Release;
		};
		C9DB0035186B187E00F3B008 /* Build configuration list for PBXNativeTarget "TryTravel2getherTests" */ = {
			isa = XCConfigurationList;
			buildConfigurations = (
				C9DB0036186B187E00F3B008 /* Debug */,
				C9DB0037186B187E00F3B008 /* Release */,
			);
			defaultConfigurationIsVisible = 0;
			defaultConfigurationName = Release;
		};
		C9DBFFFB186B187D00F3B008 /* Build configuration list for PBXProject "TryTravel2gether" */ = {
			isa = XCConfigurationList;
			buildConfigurations = (
				C9DB0030186B187E00F3B008 /* Debug */,
				C9DB0031186B187E00F3B008 /* Release */,
			);
			defaultConfigurationIsVisible = 0;
			defaultConfigurationName = Release;
		};
/* End XCConfigurationList section */

/* Begin XCVersionGroup section */
		C9DB003C186B197400F3B008 /* TourModel.xcdatamodeld */ = {
			isa = XCVersionGroup;
			children = (
				C9DB003D186B197400F3B008 /* TourModel.xcdatamodel */,
			);
			currentVersion = C9DB003D186B197400F3B008 /* TourModel.xcdatamodel */;
			path = TourModel.xcdatamodeld;
			sourceTree = "<group>";
			versionGroupType = wrapper.xcdatamodel;
		};
		C9F80492187A333D00EE4EDE /* Model.xcdatamodeld */ = {
			isa = XCVersionGroup;
			children = (
				04E6AF7818AF6AFB007714A3 /* Model 3_MoneyType.xcdatamodel */,
				C9D28ADB18DFFFC200304370 /* Model 4_ItemCategoryGuyGroup.xcdatamodel */,
				C9778129191228CC008F07F9 /* Model 5_ColorAndPhotos.xcdatamodel */,
				04A0464D1886DFAF00D98809 /* Model 2_receipts_photos.xcdatamodel */,
				C9F80493187A333D00EE4EDE /* Model.xcdatamodel */,
			);
			currentVersion = C9778129191228CC008F07F9 /* Model 5_ColorAndPhotos.xcdatamodel */;
			path = Model.xcdatamodeld;
			sourceTree = "<group>";
			versionGroupType = wrapper.xcdatamodel;
		};
/* End XCVersionGroup section */
	};
	rootObject = C9DBFFF8186B187D00F3B008 /* Project object */;
}
