// !$*UTF8*$!
{
	archiveVersion = 1;
	classes = {
	};
	objectVersion = 46;
	objects = {

/* Begin PBXBuildFile section */
		0409B6F21892B763000C6DF6 /* Day+TripDay.m in Sources */ = {isa = PBXBuildFile; fileRef = 0409B6F11892B763000C6DF6 /* Day+TripDay.m */; };
		0409B6F51893BEAE000C6DF6 /* AddDayTVC.m in Sources */ = {isa = PBXBuildFile; fileRef = 0409B6F41893BEAE000C6DF6 /* AddDayTVC.m */; };
		040A631F188ADB7B0084A3EC /* CoreDataTableViewCell.m in Sources */ = {isa = PBXBuildFile; fileRef = 040A631E188ADB7B0084A3EC /* CoreDataTableViewCell.m */; };
		040A6325188ADE480084A3EC /* TripDaysTVC.m in Sources */ = {isa = PBXBuildFile; fileRef = 040A6324188ADE480084A3EC /* TripDaysTVC.m */; };
		04858D4018AA63F000A81340 /* DayDetailTVC.m in Sources */ = {isa = PBXBuildFile; fileRef = 04858D3F18AA63F000A81340 /* DayDetailTVC.m */; };
		04A04665188A4B5D00D98809 /* AddReceiptTVC.m in Sources */ = {isa = PBXBuildFile; fileRef = 04A04664188A4B5D00D98809 /* AddReceiptTVC.m */; };
		04ED46F018A64CAF004EA22E /* Trip+Days.m in Sources */ = {isa = PBXBuildFile; fileRef = 04ED46EF18A64CAF004EA22E /* Trip+Days.m */; };
		1859D0FE18F00AD200C93338 /* SelectGuysCDTVC.m in Sources */ = {isa = PBXBuildFile; fileRef = 1859D0FD18F00AD200C93338 /* SelectGuysCDTVC.m */; };
		18B8143F18E6E9740089BF0B /* AddGuyTVC.m in Sources */ = {isa = PBXBuildFile; fileRef = 18B8143E18E6E9740089BF0B /* AddGuyTVC.m */; };
		18B8144218E6E9B80089BF0B /* GuysCDTVC.m in Sources */ = {isa = PBXBuildFile; fileRef = 18B8144118E6E9B80089BF0B /* GuysCDTVC.m */; };
		BF1B4EC118E08127004841FE /* Itemcategory.m in Sources */ = {isa = PBXBuildFile; fileRef = BF1B4EC018E08127004841FE /* Itemcategory.m */; };
		BF1B4EC418E08128004841FE /* CatInTrip.m in Sources */ = {isa = PBXBuildFile; fileRef = BF1B4EC318E08128004841FE /* CatInTrip.m */; };
		C903A89B18D46D76009708C6 /* Images.xcassets in Resources */ = {isa = PBXBuildFile; fileRef = C903A89A18D46D76009708C6 /* Images.xcassets */; };
		C909F35318D00FE600E02B8D /* CurrencyCDTVC.m in Sources */ = {isa = PBXBuildFile; fileRef = C909F35218D00FE600E02B8D /* CurrencyCDTVC.m */; };
		C909F36E18D0125800E02B8D /* DayCurrency.m in Sources */ = {isa = PBXBuildFile; fileRef = C909F36D18D0125800E02B8D /* DayCurrency.m */; };
		C90D484118DADC7500367316 /* NWUserSettings.m in Sources */ = {isa = PBXBuildFile; fileRef = C90D484018DADC7500367316 /* NWUserSettings.m */; };
		C913902918F01D060069EAC2 /* SettingsTVC.m in Sources */ = {isa = PBXBuildFile; fileRef = C913902818F01D060069EAC2 /* SettingsTVC.m */; };
		C913902C18F034420069EAC2 /* CategoriesCDTVC.m in Sources */ = {isa = PBXBuildFile; fileRef = C913902B18F034420069EAC2 /* CategoriesCDTVC.m */; };
		C95AFA031886733B00DF057E /* DaysCDTVC.m in Sources */ = {isa = PBXBuildFile; fileRef = C95AFA021886733B00DF057E /* DaysCDTVC.m */; };
		C964B92E18D42BBB002EF48C /* Day+Expend.m in Sources */ = {isa = PBXBuildFile; fileRef = C964B92D18D42BBB002EF48C /* Day+Expend.m */; };
		C964B93118D42FDC002EF48C /* Currency.m in Sources */ = {isa = PBXBuildFile; fileRef = C964B93018D42FDC002EF48C /* Currency.m */; };
		C964B93418D43061002EF48C /* Day.m in Sources */ = {isa = PBXBuildFile; fileRef = C964B93318D43061002EF48C /* Day.m */; };
		C96AC7B318F10EBB0037DA8B /* AddCategoryTVC.m in Sources */ = {isa = PBXBuildFile; fileRef = C96AC7B218F10EBB0037DA8B /* AddCategoryTVC.m */; };
		C96AC7B618F24D410037DA8B /* SelectCategoryCDTVC.m in Sources */ = {isa = PBXBuildFile; fileRef = C96AC7B518F24D410037DA8B /* SelectCategoryCDTVC.m */; };
		C97365F218E6EA170060583A /* ItemsCDTVC.m in Sources */ = {isa = PBXBuildFile; fileRef = C97365F118E6EA170060583A /* ItemsCDTVC.m */; };
		C980686718E0B4C200841064 /* ReceiptDetailTVC.m in Sources */ = {isa = PBXBuildFile; fileRef = C980686618E0B4C200841064 /* ReceiptDetailTVC.m */; };
		C9C4097B18E7247600E1F3FE /* AddItemTVC.m in Sources */ = {isa = PBXBuildFile; fileRef = C9C4097A18E7247600E1F3FE /* AddItemTVC.m */; };
		C9C4097E18E73D6700E1F3FE /* Receipt+Calculate.m in Sources */ = {isa = PBXBuildFile; fileRef = C9C4097D18E73D6700E1F3FE /* Receipt+Calculate.m */; };
		C9C4098418E8758900E1F3FE /* NWCustCellTitleSubDetail.xib in Resources */ = {isa = PBXBuildFile; fileRef = C9C4098318E8758900E1F3FE /* NWCustCellTitleSubDetail.xib */; };
		C9D28AF618E00B9E00304370 /* Receipt.m in Sources */ = {isa = PBXBuildFile; fileRef = C9D28AF518E00B9E00304370 /* Receipt.m */; };
		C9D28AF918E00B9F00304370 /* GuyInGroup.m in Sources */ = {isa = PBXBuildFile; fileRef = C9D28AF818E00B9F00304370 /* GuyInGroup.m */; };
		C9D28AFC18E00B9F00304370 /* Trip.m in Sources */ = {isa = PBXBuildFile; fileRef = C9D28AFB18E00B9F00304370 /* Trip.m */; };
		C9D28B0218E00B9F00304370 /* Group.m in Sources */ = {isa = PBXBuildFile; fileRef = C9D28B0118E00B9F00304370 /* Group.m */; };
		C9D28B0518E00B9F00304370 /* Guy.m in Sources */ = {isa = PBXBuildFile; fileRef = C9D28B0418E00B9F00304370 /* Guy.m */; };
		C9D28B0B18E00B9F00304370 /* Item.m in Sources */ = {isa = PBXBuildFile; fileRef = C9D28B0A18E00B9F00304370 /* Item.m */; };
		C9DB0004186B187D00F3B008 /* Foundation.framework in Frameworks */ = {isa = PBXBuildFile; fileRef = C9DB0003186B187D00F3B008 /* Foundation.framework */; };
		C9DB0006186B187D00F3B008 /* CoreGraphics.framework in Frameworks */ = {isa = PBXBuildFile; fileRef = C9DB0005186B187D00F3B008 /* CoreGraphics.framework */; };
		C9DB0008186B187D00F3B008 /* UIKit.framework in Frameworks */ = {isa = PBXBuildFile; fileRef = C9DB0007186B187D00F3B008 /* UIKit.framework */; };
		C9DB000E186B187E00F3B008 /* InfoPlist.strings in Resources */ = {isa = PBXBuildFile; fileRef = C9DB000C186B187E00F3B008 /* InfoPlist.strings */; };
		C9DB0010186B187E00F3B008 /* main.m in Sources */ = {isa = PBXBuildFile; fileRef = C9DB000F186B187E00F3B008 /* main.m */; };
		C9DB0017186B187E00F3B008 /* Main.storyboard in Resources */ = {isa = PBXBuildFile; fileRef = C9DB0015186B187E00F3B008 /* Main.storyboard */; };
		C9DB0023186B187E00F3B008 /* XCTest.framework in Frameworks */ = {isa = PBXBuildFile; fileRef = C9DB0022186B187E00F3B008 /* XCTest.framework */; };
		C9DB0024186B187E00F3B008 /* Foundation.framework in Frameworks */ = {isa = PBXBuildFile; fileRef = C9DB0003186B187D00F3B008 /* Foundation.framework */; };
		C9DB0025186B187E00F3B008 /* UIKit.framework in Frameworks */ = {isa = PBXBuildFile; fileRef = C9DB0007186B187D00F3B008 /* UIKit.framework */; };
		C9DB002D186B187E00F3B008 /* InfoPlist.strings in Resources */ = {isa = PBXBuildFile; fileRef = C9DB002B186B187E00F3B008 /* InfoPlist.strings */; };
		C9DB002F186B187E00F3B008 /* TryTravel2getherTests.m in Sources */ = {isa = PBXBuildFile; fileRef = C9DB002E186B187E00F3B008 /* TryTravel2getherTests.m */; };
		C9DB003E186B197400F3B008 /* TourModel.xcdatamodeld in Sources */ = {isa = PBXBuildFile; fileRef = C9DB003C186B197400F3B008 /* TourModel.xcdatamodeld */; };
		C9F64D3618E709A00005ED24 /* NWCustCellTitleSubDetail.m in Sources */ = {isa = PBXBuildFile; fileRef = C9F64D3518E709A00005ED24 /* NWCustCellTitleSubDetail.m */; };
		C9F80494187A333D00EE4EDE /* Model.xcdatamodeld in Sources */ = {isa = PBXBuildFile; fileRef = C9F80492187A333D00EE4EDE /* Model.xcdatamodeld */; };
		C9F804A4187A355900EE4EDE /* CoreData.framework in Frameworks */ = {isa = PBXBuildFile; fileRef = C9F804A3187A355900EE4EDE /* CoreData.framework */; };
		C9F804A7187A4C7800EE4EDE /* TripsCDTVC.m in Sources */ = {isa = PBXBuildFile; fileRef = C9F804A6187A4C7800EE4EDE /* TripsCDTVC.m */; };
		C9F804AA187A4C9B00EE4EDE /* AddTripTVC.m in Sources */ = {isa = PBXBuildFile; fileRef = C9F804A9187A4C9B00EE4EDE /* AddTripTVC.m */; };
		C9F804F7187A733000EE4EDE /* nwAppDelegate.m in Sources */ = {isa = PBXBuildFile; fileRef = C9F804F6187A733000EE4EDE /* nwAppDelegate.m */; };
		C9F804FA187A74DB00EE4EDE /* CoreDataTableViewController.m in Sources */ = {isa = PBXBuildFile; fileRef = C9F804F9187A74DB00EE4EDE /* CoreDataTableViewController.m */; };
		C9F804FD187AA42C00EE4EDE /* TripDetailTVC.m in Sources */ = {isa = PBXBuildFile; fileRef = C9F804FC187AA42C00EE4EDE /* TripDetailTVC.m */; };
/* End PBXBuildFile section */

/* Begin PBXContainerItemProxy section */
		C9DB0026186B187E00F3B008 /* PBXContainerItemProxy */ = {
			isa = PBXContainerItemProxy;
			containerPortal = C9DBFFF8186B187D00F3B008 /* Project object */;
			proxyType = 1;
			remoteGlobalIDString = C9DBFFFF186B187D00F3B008;
			remoteInfo = TryTravel2gether;
		};
/* End PBXContainerItemProxy section */

/* Begin PBXFileReference section */
		0409B6F01892B763000C6DF6 /* Day+TripDay.h */ = {isa = PBXFileReference; fileEncoding = 4; lastKnownFileType = sourcecode.c.h; path = "Day+TripDay.h"; sourceTree = "<group>"; };
		0409B6F11892B763000C6DF6 /* Day+TripDay.m */ = {isa = PBXFileReference; fileEncoding = 4; lastKnownFileType = sourcecode.c.objc; path = "Day+TripDay.m"; sourceTree = "<group>"; };
		0409B6F31893BEAE000C6DF6 /* AddDayTVC.h */ = {isa = PBXFileReference; fileEncoding = 4; lastKnownFileType = sourcecode.c.h; path = AddDayTVC.h; sourceTree = "<group>"; };
		0409B6F41893BEAE000C6DF6 /* AddDayTVC.m */ = {isa = PBXFileReference; fileEncoding = 4; lastKnownFileType = sourcecode.c.objc; path = AddDayTVC.m; sourceTree = "<group>"; };
		040A631D188ADB7B0084A3EC /* CoreDataTableViewCell.h */ = {isa = PBXFileReference; fileEncoding = 4; lastKnownFileType = sourcecode.c.h; path = CoreDataTableViewCell.h; sourceTree = "<group>"; };
		040A631E188ADB7B0084A3EC /* CoreDataTableViewCell.m */ = {isa = PBXFileReference; fileEncoding = 4; lastKnownFileType = sourcecode.c.objc; path = CoreDataTableViewCell.m; sourceTree = "<group>"; };
		040A6323188ADE480084A3EC /* TripDaysTVC.h */ = {isa = PBXFileReference; fileEncoding = 4; lastKnownFileType = sourcecode.c.h; path = TripDaysTVC.h; sourceTree = "<group>"; };
		040A6324188ADE480084A3EC /* TripDaysTVC.m */ = {isa = PBXFileReference; fileEncoding = 4; lastKnownFileType = sourcecode.c.objc; path = TripDaysTVC.m; sourceTree = "<group>"; };
		04858D3E18AA63F000A81340 /* DayDetailTVC.h */ = {isa = PBXFileReference; fileEncoding = 4; lastKnownFileType = sourcecode.c.h; path = DayDetailTVC.h; sourceTree = "<group>"; };
		04858D3F18AA63F000A81340 /* DayDetailTVC.m */ = {isa = PBXFileReference; fileEncoding = 4; lastKnownFileType = sourcecode.c.objc; path = DayDetailTVC.m; sourceTree = "<group>"; };
		04A0464D1886DFAF00D98809 /* Model 2_receipts_photos.xcdatamodel */ = {isa = PBXFileReference; lastKnownFileType = wrapper.xcdatamodel; path = "Model 2_receipts_photos.xcdatamodel"; sourceTree = "<group>"; };
		04A04663188A4B5D00D98809 /* AddReceiptTVC.h */ = {isa = PBXFileReference; fileEncoding = 4; lastKnownFileType = sourcecode.c.h; path = AddReceiptTVC.h; sourceTree = "<group>"; };
		04A04664188A4B5D00D98809 /* AddReceiptTVC.m */ = {isa = PBXFileReference; fileEncoding = 4; lastKnownFileType = sourcecode.c.objc; path = AddReceiptTVC.m; sourceTree = "<group>"; };
		04E6AF7818AF6AFB007714A3 /* Model 3_MoneyType.xcdatamodel */ = {isa = PBXFileReference; lastKnownFileType = wrapper.xcdatamodel; path = "Model 3_MoneyType.xcdatamodel"; sourceTree = "<group>"; };
		04ED46EE18A64CAF004EA22E /* Trip+Days.h */ = {isa = PBXFileReference; fileEncoding = 4; lastKnownFileType = sourcecode.c.h; path = "Trip+Days.h"; sourceTree = "<group>"; };
		04ED46EF18A64CAF004EA22E /* Trip+Days.m */ = {isa = PBXFileReference; fileEncoding = 4; lastKnownFileType = sourcecode.c.objc; path = "Trip+Days.m"; sourceTree = "<group>"; };
		1859D0FC18F00AD200C93338 /* SelectGuysCDTVC.h */ = {isa = PBXFileReference; fileEncoding = 4; lastKnownFileType = sourcecode.c.h; path = SelectGuysCDTVC.h; sourceTree = "<group>"; };
		1859D0FD18F00AD200C93338 /* SelectGuysCDTVC.m */ = {isa = PBXFileReference; fileEncoding = 4; lastKnownFileType = sourcecode.c.objc; path = SelectGuysCDTVC.m; sourceTree = "<group>"; };
		18B8143D18E6E9740089BF0B /* AddGuyTVC.h */ = {isa = PBXFileReference; fileEncoding = 4; lastKnownFileType = sourcecode.c.h; path = AddGuyTVC.h; sourceTree = "<group>"; };
		18B8143E18E6E9740089BF0B /* AddGuyTVC.m */ = {isa = PBXFileReference; fileEncoding = 4; lastKnownFileType = sourcecode.c.objc; path = AddGuyTVC.m; sourceTree = "<group>"; };
		18B8144018E6E9B80089BF0B /* GuysCDTVC.h */ = {isa = PBXFileReference; fileEncoding = 4; lastKnownFileType = sourcecode.c.h; path = GuysCDTVC.h; sourceTree = "<group>"; };
		18B8144118E6E9B80089BF0B /* GuysCDTVC.m */ = {isa = PBXFileReference; fileEncoding = 4; lastKnownFileType = sourcecode.c.objc; path = GuysCDTVC.m; sourceTree = "<group>"; };
		BF1B4EBF18E08127004841FE /* Itemcategory.h */ = {isa = PBXFileReference; fileEncoding = 4; lastKnownFileType = sourcecode.c.h; path = Itemcategory.h; sourceTree = "<group>"; };
		BF1B4EC018E08127004841FE /* Itemcategory.m */ = {isa = PBXFileReference; fileEncoding = 4; lastKnownFileType = sourcecode.c.objc; path = Itemcategory.m; sourceTree = "<group>"; };
		BF1B4EC218E08128004841FE /* CatInTrip.h */ = {isa = PBXFileReference; fileEncoding = 4; lastKnownFileType = sourcecode.c.h; path = CatInTrip.h; sourceTree = "<group>"; };
		BF1B4EC318E08128004841FE /* CatInTrip.m */ = {isa = PBXFileReference; fileEncoding = 4; lastKnownFileType = sourcecode.c.objc; path = CatInTrip.m; sourceTree = "<group>"; };
		C903A89A18D46D76009708C6 /* Images.xcassets */ = {isa = PBXFileReference; lastKnownFileType = folder.assetcatalog; path = Images.xcassets; sourceTree = "<group>"; };
		C909F35118D00FE600E02B8D /* CurrencyCDTVC.h */ = {isa = PBXFileReference; fileEncoding = 4; lastKnownFileType = sourcecode.c.h; path = CurrencyCDTVC.h; sourceTree = "<group>"; };
		C909F35218D00FE600E02B8D /* CurrencyCDTVC.m */ = {isa = PBXFileReference; fileEncoding = 4; lastKnownFileType = sourcecode.c.objc; path = CurrencyCDTVC.m; sourceTree = "<group>"; };
		C909F36C18D0125800E02B8D /* DayCurrency.h */ = {isa = PBXFileReference; fileEncoding = 4; lastKnownFileType = sourcecode.c.h; path = DayCurrency.h; sourceTree = "<group>"; };
		C909F36D18D0125800E02B8D /* DayCurrency.m */ = {isa = PBXFileReference; fileEncoding = 4; lastKnownFileType = sourcecode.c.objc; path = DayCurrency.m; sourceTree = "<group>"; };
		C90D483F18DADC7500367316 /* NWUserSettings.h */ = {isa = PBXFileReference; fileEncoding = 4; lastKnownFileType = sourcecode.c.h; path = NWUserSettings.h; sourceTree = "<group>"; };
		C90D484018DADC7500367316 /* NWUserSettings.m */ = {isa = PBXFileReference; fileEncoding = 4; lastKnownFileType = sourcecode.c.objc; path = NWUserSettings.m; sourceTree = "<group>"; };
		C913902718F01D060069EAC2 /* SettingsTVC.h */ = {isa = PBXFileReference; fileEncoding = 4; lastKnownFileType = sourcecode.c.h; path = SettingsTVC.h; sourceTree = "<group>"; };
		C913902818F01D060069EAC2 /* SettingsTVC.m */ = {isa = PBXFileReference; fileEncoding = 4; lastKnownFileType = sourcecode.c.objc; path = SettingsTVC.m; sourceTree = "<group>"; };
		C913902A18F034420069EAC2 /* CategoriesCDTVC.h */ = {isa = PBXFileReference; fileEncoding = 4; lastKnownFileType = sourcecode.c.h; path = CategoriesCDTVC.h; sourceTree = "<group>"; };
		C913902B18F034420069EAC2 /* CategoriesCDTVC.m */ = {isa = PBXFileReference; fileEncoding = 4; lastKnownFileType = sourcecode.c.objc; path = CategoriesCDTVC.m; sourceTree = "<group>"; };
		C94BF2C3189118940039C6CC /* ReceiptsCDTVC.h */ = {isa = PBXFileReference; fileEncoding = 4; lastKnownFileType = sourcecode.c.h; path = ReceiptsCDTVC.h; sourceTree = "<group>"; };
		C94BF2C4189118940039C6CC /* ReceiptsCDTVC.m */ = {isa = PBXFileReference; fileEncoding = 4; lastKnownFileType = sourcecode.c.objc; path = ReceiptsCDTVC.m; sourceTree = "<group>"; };
		C95AFA011886733B00DF057E /* DaysCDTVC.h */ = {isa = PBXFileReference; fileEncoding = 4; lastKnownFileType = sourcecode.c.h; path = DaysCDTVC.h; sourceTree = "<group>"; };
		C95AFA021886733B00DF057E /* DaysCDTVC.m */ = {isa = PBXFileReference; fileEncoding = 4; lastKnownFileType = sourcecode.c.objc; path = DaysCDTVC.m; sourceTree = "<group>"; };
		C964B92C18D42BBB002EF48C /* Day+Expend.h */ = {isa = PBXFileReference; fileEncoding = 4; lastKnownFileType = sourcecode.c.h; path = "Day+Expend.h"; sourceTree = "<group>"; };
		C964B92D18D42BBB002EF48C /* Day+Expend.m */ = {isa = PBXFileReference; fileEncoding = 4; lastKnownFileType = sourcecode.c.objc; path = "Day+Expend.m"; sourceTree = "<group>"; };
		C964B92F18D42FDC002EF48C /* Currency.h */ = {isa = PBXFileReference; fileEncoding = 4; lastKnownFileType = sourcecode.c.h; path = Currency.h; sourceTree = "<group>"; };
		C964B93018D42FDC002EF48C /* Currency.m */ = {isa = PBXFileReference; fileEncoding = 4; lastKnownFileType = sourcecode.c.objc; path = Currency.m; sourceTree = "<group>"; };
		C964B93218D43061002EF48C /* Day.h */ = {isa = PBXFileReference; fileEncoding = 4; lastKnownFileType = sourcecode.c.h; path = Day.h; sourceTree = "<group>"; };
		C964B93318D43061002EF48C /* Day.m */ = {isa = PBXFileReference; fileEncoding = 4; lastKnownFileType = sourcecode.c.objc; path = Day.m; sourceTree = "<group>"; };
		C96AC7B118F10EBB0037DA8B /* AddCategoryTVC.h */ = {isa = PBXFileReference; fileEncoding = 4; lastKnownFileType = sourcecode.c.h; path = AddCategoryTVC.h; sourceTree = "<group>"; };
		C96AC7B218F10EBB0037DA8B /* AddCategoryTVC.m */ = {isa = PBXFileReference; fileEncoding = 4; lastKnownFileType = sourcecode.c.objc; path = AddCategoryTVC.m; sourceTree = "<group>"; };
		C96AC7B418F24D410037DA8B /* SelectCategoryCDTVC.h */ = {isa = PBXFileReference; fileEncoding = 4; lastKnownFileType = sourcecode.c.h; path = SelectCategoryCDTVC.h; sourceTree = "<group>"; };
		C96AC7B518F24D410037DA8B /* SelectCategoryCDTVC.m */ = {isa = PBXFileReference; fileEncoding = 4; lastKnownFileType = sourcecode.c.objc; path = SelectCategoryCDTVC.m; sourceTree = "<group>"; };
		C97365F018E6EA170060583A /* ItemsCDTVC.h */ = {isa = PBXFileReference; fileEncoding = 4; lastKnownFileType = sourcecode.c.h; path = ItemsCDTVC.h; sourceTree = "<group>"; };
		C97365F118E6EA170060583A /* ItemsCDTVC.m */ = {isa = PBXFileReference; fileEncoding = 4; lastKnownFileType = sourcecode.c.objc; path = ItemsCDTVC.m; sourceTree = "<group>"; };
		C980686518E0B4C200841064 /* ReceiptDetailTVC.h */ = {isa = PBXFileReference; fileEncoding = 4; lastKnownFileType = sourcecode.c.h; path = ReceiptDetailTVC.h; sourceTree = "<group>"; };
		C980686618E0B4C200841064 /* ReceiptDetailTVC.m */ = {isa = PBXFileReference; fileEncoding = 4; lastKnownFileType = sourcecode.c.objc; path = ReceiptDetailTVC.m; sourceTree = "<group>"; };
		C9C4097918E7247600E1F3FE /* AddItemTVC.h */ = {isa = PBXFileReference; fileEncoding = 4; lastKnownFileType = sourcecode.c.h; path = AddItemTVC.h; sourceTree = "<group>"; };
		C9C4097A18E7247600E1F3FE /* AddItemTVC.m */ = {isa = PBXFileReference; fileEncoding = 4; lastKnownFileType = sourcecode.c.objc; path = AddItemTVC.m; sourceTree = "<group>"; };
		C9C4097C18E73D6700E1F3FE /* Receipt+Calculate.h */ = {isa = PBXFileReference; fileEncoding = 4; lastKnownFileType = sourcecode.c.h; path = "Receipt+Calculate.h"; sourceTree = "<group>"; };
		C9C4097D18E73D6700E1F3FE /* Receipt+Calculate.m */ = {isa = PBXFileReference; fileEncoding = 4; lastKnownFileType = sourcecode.c.objc; path = "Receipt+Calculate.m"; sourceTree = "<group>"; };
		C9C4098318E8758900E1F3FE /* NWCustCellTitleSubDetail.xib */ = {isa = PBXFileReference; fileEncoding = 4; lastKnownFileType = file.xib; name = NWCustCellTitleSubDetail.xib; path = NWCust/NWCustCellTitleSubDetail.xib; sourceTree = "<group>"; };
		C9D28ADB18DFFFC200304370 /* Model 4_ItemCategoryGuyGroup.xcdatamodel */ = {isa = PBXFileReference; lastKnownFileType = wrapper.xcdatamodel; path = "Model 4_ItemCategoryGuyGroup.xcdatamodel"; sourceTree = "<group>"; };
		C9D28AF418E00B9E00304370 /* Receipt.h */ = {isa = PBXFileReference; fileEncoding = 4; lastKnownFileType = sourcecode.c.h; path = Receipt.h; sourceTree = "<group>"; };
		C9D28AF518E00B9E00304370 /* Receipt.m */ = {isa = PBXFileReference; fileEncoding = 4; lastKnownFileType = sourcecode.c.objc; path = Receipt.m; sourceTree = "<group>"; };
		C9D28AF718E00B9F00304370 /* GuyInGroup.h */ = {isa = PBXFileReference; fileEncoding = 4; lastKnownFileType = sourcecode.c.h; path = GuyInGroup.h; sourceTree = "<group>"; };
		C9D28AF818E00B9F00304370 /* GuyInGroup.m */ = {isa = PBXFileReference; fileEncoding = 4; lastKnownFileType = sourcecode.c.objc; path = GuyInGroup.m; sourceTree = "<group>"; };
		C9D28AFA18E00B9F00304370 /* Trip.h */ = {isa = PBXFileReference; fileEncoding = 4; lastKnownFileType = sourcecode.c.h; path = Trip.h; sourceTree = "<group>"; };
		C9D28AFB18E00B9F00304370 /* Trip.m */ = {isa = PBXFileReference; fileEncoding = 4; lastKnownFileType = sourcecode.c.objc; path = Trip.m; sourceTree = "<group>"; };
		C9D28B0018E00B9F00304370 /* Group.h */ = {isa = PBXFileReference; fileEncoding = 4; lastKnownFileType = sourcecode.c.h; path = Group.h; sourceTree = "<group>"; };
		C9D28B0118E00B9F00304370 /* Group.m */ = {isa = PBXFileReference; fileEncoding = 4; lastKnownFileType = sourcecode.c.objc; path = Group.m; sourceTree = "<group>"; };
		C9D28B0318E00B9F00304370 /* Guy.h */ = {isa = PBXFileReference; fileEncoding = 4; lastKnownFileType = sourcecode.c.h; path = Guy.h; sourceTree = "<group>"; };
		C9D28B0418E00B9F00304370 /* Guy.m */ = {isa = PBXFileReference; fileEncoding = 4; lastKnownFileType = sourcecode.c.objc; path = Guy.m; sourceTree = "<group>"; };
		C9D28B0918E00B9F00304370 /* Item.h */ = {isa = PBXFileReference; fileEncoding = 4; lastKnownFileType = sourcecode.c.h; path = Item.h; sourceTree = "<group>"; };
		C9D28B0A18E00B9F00304370 /* Item.m */ = {isa = PBXFileReference; fileEncoding = 4; lastKnownFileType = sourcecode.c.objc; path = Item.m; sourceTree = "<group>"; };
		C9DB0000186B187D00F3B008 /* TryTravel2gether.app */ = {isa = PBXFileReference; explicitFileType = wrapper.application; includeInIndex = 0; path = TryTravel2gether.app; sourceTree = BUILT_PRODUCTS_DIR; };
		C9DB0003186B187D00F3B008 /* Foundation.framework */ = {isa = PBXFileReference; lastKnownFileType = wrapper.framework; name = Foundation.framework; path = System/Library/Frameworks/Foundation.framework; sourceTree = SDKROOT; };
		C9DB0005186B187D00F3B008 /* CoreGraphics.framework */ = {isa = PBXFileReference; lastKnownFileType = wrapper.framework; name = CoreGraphics.framework; path = System/Library/Frameworks/CoreGraphics.framework; sourceTree = SDKROOT; };
		C9DB0007186B187D00F3B008 /* UIKit.framework */ = {isa = PBXFileReference; lastKnownFileType = wrapper.framework; name = UIKit.framework; path = System/Library/Frameworks/UIKit.framework; sourceTree = SDKROOT; };
		C9DB000B186B187E00F3B008 /* TryTravel2gether-Info.plist */ = {isa = PBXFileReference; lastKnownFileType = text.plist.xml; path = "TryTravel2gether-Info.plist"; sourceTree = "<group>"; };
		C9DB000D186B187E00F3B008 /* en */ = {isa = PBXFileReference; lastKnownFileType = text.plist.strings; name = en; path = en.lproj/InfoPlist.strings; sourceTree = "<group>"; };
		C9DB000F186B187E00F3B008 /* main.m */ = {isa = PBXFileReference; lastKnownFileType = sourcecode.c.objc; path = main.m; sourceTree = "<group>"; };
		C9DB0011186B187E00F3B008 /* TryTravel2gether-Prefix.pch */ = {isa = PBXFileReference; lastKnownFileType = sourcecode.c.h; path = "TryTravel2gether-Prefix.pch"; sourceTree = "<group>"; };
		C9DB0016186B187E00F3B008 /* Base */ = {isa = PBXFileReference; lastKnownFileType = file.storyboard; name = Base; path = Base.lproj/Main.storyboard; sourceTree = "<group>"; };
		C9DB0021186B187E00F3B008 /* TryTravel2getherTests.xctest */ = {isa = PBXFileReference; explicitFileType = wrapper.cfbundle; includeInIndex = 0; path = TryTravel2getherTests.xctest; sourceTree = BUILT_PRODUCTS_DIR; };
		C9DB0022186B187E00F3B008 /* XCTest.framework */ = {isa = PBXFileReference; lastKnownFileType = wrapper.framework; name = XCTest.framework; path = Library/Frameworks/XCTest.framework; sourceTree = DEVELOPER_DIR; };
		C9DB002A186B187E00F3B008 /* TryTravel2getherTests-Info.plist */ = {isa = PBXFileReference; lastKnownFileType = text.plist.xml; path = "TryTravel2getherTests-Info.plist"; sourceTree = "<group>"; };
		C9DB002C186B187E00F3B008 /* en */ = {isa = PBXFileReference; lastKnownFileType = text.plist.strings; name = en; path = en.lproj/InfoPlist.strings; sourceTree = "<group>"; };
		C9DB002E186B187E00F3B008 /* TryTravel2getherTests.m */ = {isa = PBXFileReference; lastKnownFileType = sourcecode.c.objc; path = TryTravel2getherTests.m; sourceTree = "<group>"; };
		C9DB003D186B197400F3B008 /* TourModel.xcdatamodel */ = {isa = PBXFileReference; lastKnownFileType = wrapper.xcdatamodel; path = TourModel.xcdatamodel; sourceTree = "<group>"; };
		C9F64D3418E709A00005ED24 /* NWCustCellTitleSubDetail.h */ = {isa = PBXFileReference; fileEncoding = 4; lastKnownFileType = sourcecode.c.h; name = NWCustCellTitleSubDetail.h; path = NWCust/NWCustCellTitleSubDetail.h; sourceTree = "<group>"; };
		C9F64D3518E709A00005ED24 /* NWCustCellTitleSubDetail.m */ = {isa = PBXFileReference; fileEncoding = 4; lastKnownFileType = sourcecode.c.objc; name = NWCustCellTitleSubDetail.m; path = NWCust/NWCustCellTitleSubDetail.m; sourceTree = "<group>"; };
		C9F80493187A333D00EE4EDE /* Model.xcdatamodel */ = {isa = PBXFileReference; lastKnownFileType = wrapper.xcdatamodel; path = Model.xcdatamodel; sourceTree = "<group>"; };
		C9F804A3187A355900EE4EDE /* CoreData.framework */ = {isa = PBXFileReference; lastKnownFileType = wrapper.framework; name = CoreData.framework; path = System/Library/Frameworks/CoreData.framework; sourceTree = SDKROOT; };
		C9F804A5187A4C7800EE4EDE /* TripsCDTVC.h */ = {isa = PBXFileReference; fileEncoding = 4; lastKnownFileType = sourcecode.c.h; path = TripsCDTVC.h; sourceTree = "<group>"; };
		C9F804A6187A4C7800EE4EDE /* TripsCDTVC.m */ = {isa = PBXFileReference; fileEncoding = 4; lastKnownFileType = sourcecode.c.objc; path = TripsCDTVC.m; sourceTree = "<group>"; };
		C9F804A8187A4C9B00EE4EDE /* AddTripTVC.h */ = {isa = PBXFileReference; fileEncoding = 4; lastKnownFileType = sourcecode.c.h; path = AddTripTVC.h; sourceTree = "<group>"; };
		C9F804A9187A4C9B00EE4EDE /* AddTripTVC.m */ = {isa = PBXFileReference; fileEncoding = 4; lastKnownFileType = sourcecode.c.objc; path = AddTripTVC.m; sourceTree = "<group>"; };
		C9F804F5187A733000EE4EDE /* nwAppDelegate.h */ = {isa = PBXFileReference; fileEncoding = 4; lastKnownFileType = sourcecode.c.h; path = nwAppDelegate.h; sourceTree = "<group>"; };
		C9F804F6187A733000EE4EDE /* nwAppDelegate.m */ = {isa = PBXFileReference; fileEncoding = 4; lastKnownFileType = sourcecode.c.objc; path = nwAppDelegate.m; sourceTree = "<group>"; };
		C9F804F8187A74DB00EE4EDE /* CoreDataTableViewController.h */ = {isa = PBXFileReference; fileEncoding = 4; lastKnownFileType = sourcecode.c.h; path = CoreDataTableViewController.h; sourceTree = "<group>"; };
		C9F804F9187A74DB00EE4EDE /* CoreDataTableViewController.m */ = {isa = PBXFileReference; fileEncoding = 4; lastKnownFileType = sourcecode.c.objc; path = CoreDataTableViewController.m; sourceTree = "<group>"; };
		C9F804FB187AA42C00EE4EDE /* TripDetailTVC.h */ = {isa = PBXFileReference; fileEncoding = 4; lastKnownFileType = sourcecode.c.h; path = TripDetailTVC.h; sourceTree = "<group>"; };
		C9F804FC187AA42C00EE4EDE /* TripDetailTVC.m */ = {isa = PBXFileReference; fileEncoding = 4; lastKnownFileType = sourcecode.c.objc; path = TripDetailTVC.m; sourceTree = "<group>"; };
/* End PBXFileReference section */

/* Begin PBXFrameworksBuildPhase section */
		C9DB001E186B187E00F3B008 /* Frameworks */ = {
			isa = PBXFrameworksBuildPhase;
			buildActionMask = 2147483647;
			files = (
				C9DB0023186B187E00F3B008 /* XCTest.framework in Frameworks */,
				C9DB0025186B187E00F3B008 /* UIKit.framework in Frameworks */,
				C9DB0024186B187E00F3B008 /* Foundation.framework in Frameworks */,
			);
			runOnlyForDeploymentPostprocessing = 0;
		};
		C9DBFFFD186B187D00F3B008 /* Frameworks */ = {
			isa = PBXFrameworksBuildPhase;
			buildActionMask = 2147483647;
			files = (
				C9F804A4187A355900EE4EDE /* CoreData.framework in Frameworks */,
				C9DB0006186B187D00F3B008 /* CoreGraphics.framework in Frameworks */,
				C9DB0008186B187D00F3B008 /* UIKit.framework in Frameworks */,
				C9DB0004186B187D00F3B008 /* Foundation.framework in Frameworks */,
			);
			runOnlyForDeploymentPostprocessing = 0;
		};
/* End PBXFrameworksBuildPhase section */

/* Begin PBXGroup section */
		C90D483E18DADC1700367316 /* NWClass */ = {
			isa = PBXGroup;
			children = (
				C90D483F18DADC7500367316 /* NWUserSettings.h */,
				C90D484018DADC7500367316 /* NWUserSettings.m */,
			);
			name = NWClass;
			sourceTree = "<group>";
		};
		C913902D18F05EB20069EAC2 /* Trip */ = {
			isa = PBXGroup;
			children = (
				C9F804A5187A4C7800EE4EDE /* TripsCDTVC.h */,
				C9F804A6187A4C7800EE4EDE /* TripsCDTVC.m */,
				C9F804FB187AA42C00EE4EDE /* TripDetailTVC.h */,
				C9F804FC187AA42C00EE4EDE /* TripDetailTVC.m */,
				C9F804A8187A4C9B00EE4EDE /* AddTripTVC.h */,
				C9F804A9187A4C9B00EE4EDE /* AddTripTVC.m */,
			);
			name = Trip;
			sourceTree = "<group>";
		};
		C913902E18F05EC60069EAC2 /* Guy */ = {
			isa = PBXGroup;
			children = (
				18B8144018E6E9B80089BF0B /* GuysCDTVC.h */,
				18B8144118E6E9B80089BF0B /* GuysCDTVC.m */,
				18B8143D18E6E9740089BF0B /* AddGuyTVC.h */,
				18B8143E18E6E9740089BF0B /* AddGuyTVC.m */,
			);
			name = Guy;
			sourceTree = "<group>";
		};
		C913902F18F05ED90069EAC2 /* Day */ = {
			isa = PBXGroup;
			children = (
				C95AFA011886733B00DF057E /* DaysCDTVC.h */,
				C95AFA021886733B00DF057E /* DaysCDTVC.m */,
				04858D3E18AA63F000A81340 /* DayDetailTVC.h */,
				04858D3F18AA63F000A81340 /* DayDetailTVC.m */,
				0409B6F31893BEAE000C6DF6 /* AddDayTVC.h */,
				0409B6F41893BEAE000C6DF6 /* AddDayTVC.m */,
			);
			name = Day;
			sourceTree = "<group>";
		};
		C913903018F05F320069EAC2 /* Receipt */ = {
			isa = PBXGroup;
			children = (
				C94BF2C3189118940039C6CC /* ReceiptsCDTVC.h */,
				C94BF2C4189118940039C6CC /* ReceiptsCDTVC.m */,
				04A04663188A4B5D00D98809 /* AddReceiptTVC.h */,
				04A04664188A4B5D00D98809 /* AddReceiptTVC.m */,
				C980686518E0B4C200841064 /* ReceiptDetailTVC.h */,
				C980686618E0B4C200841064 /* ReceiptDetailTVC.m */,
			);
			name = Receipt;
			sourceTree = "<group>";
		};
		C913903118F05F580069EAC2 /* Item */ = {
			isa = PBXGroup;
			children = (
				C97365F018E6EA170060583A /* ItemsCDTVC.h */,
				C97365F118E6EA170060583A /* ItemsCDTVC.m */,
				C9C4097918E7247600E1F3FE /* AddItemTVC.h */,
				C9C4097A18E7247600E1F3FE /* AddItemTVC.m */,
			);
			name = Item;
			sourceTree = "<group>";
		};
		C9C4098218E8754000E1F3FE /* CustView */ = {
			isa = PBXGroup;
			children = (
				C9C4098318E8758900E1F3FE /* NWCustCellTitleSubDetail.xib */,
			);
			name = CustView;
			sourceTree = "<group>";
		};
		C9DB0001186B187D00F3B008 /* Products */ = {
			isa = PBXGroup;
			children = (
				C9DB0000186B187D00F3B008 /* TryTravel2gether.app */,
				C9DB0021186B187E00F3B008 /* TryTravel2getherTests.xctest */,
			);
			name = Products;
			sourceTree = "<group>";
		};
		C9DB0002186B187D00F3B008 /* Frameworks */ = {
			isa = PBXGroup;
			children = (
				C9F804A3187A355900EE4EDE /* CoreData.framework */,
				C9DB0003186B187D00F3B008 /* Foundation.framework */,
				C9DB0005186B187D00F3B008 /* CoreGraphics.framework */,
				C9DB0007186B187D00F3B008 /* UIKit.framework */,
				C9DB0022186B187E00F3B008 /* XCTest.framework */,
			);
			name = Frameworks;
			sourceTree = "<group>";
		};
		C9DB0009186B187E00F3B008 /* TryTravel2gether */ = {
			isa = PBXGroup;
			children = (
				C903A89A18D46D76009708C6 /* Images.xcassets */,
				C9F804F5187A733000EE4EDE /* nwAppDelegate.h */,
				C9F804F6187A733000EE4EDE /* nwAppDelegate.m */,
				C9F804A2187A34EB00EE4EDE /* View */,
				C9C4098218E8754000E1F3FE /* CustView */,
				C9DB003B186B195800F3B008 /* CoreDataModel */,
				C9F804A1187A34B400EE4EDE /* Controller */,
				C9F64D3318E708D80005ED24 /* CustController */,
				C90D483E18DADC1700367316 /* NWClass */,
				C9DB000A186B187E00F3B008 /* Supporting Files */,
			);
			path = TryTravel2gether;
			sourceTree = "<group>";
		};
		C9DB000A186B187E00F3B008 /* Supporting Files */ = {
			isa = PBXGroup;
			children = (
				C9DB000B186B187E00F3B008 /* TryTravel2gether-Info.plist */,
				C9DB000C186B187E00F3B008 /* InfoPlist.strings */,
				C9DB000F186B187E00F3B008 /* main.m */,
				C9DB0011186B187E00F3B008 /* TryTravel2gether-Prefix.pch */,
			);
			name = "Supporting Files";
			sourceTree = "<group>";
		};
		C9DB0028186B187E00F3B008 /* TryTravel2getherTests */ = {
			isa = PBXGroup;
			children = (
				C9DB002E186B187E00F3B008 /* TryTravel2getherTests.m */,
				C9DB0029186B187E00F3B008 /* Supporting Files */,
			);
			path = TryTravel2getherTests;
			sourceTree = "<group>";
		};
		C9DB0029186B187E00F3B008 /* Supporting Files */ = {
			isa = PBXGroup;
			children = (
				C9DB002A186B187E00F3B008 /* TryTravel2getherTests-Info.plist */,
				C9DB002B186B187E00F3B008 /* InfoPlist.strings */,
			);
			name = "Supporting Files";
			sourceTree = "<group>";
		};
		C9DB003B186B195800F3B008 /* CoreDataModel */ = {
			isa = PBXGroup;
			children = (
				C9DB003C186B197400F3B008 /* TourModel.xcdatamodeld */,
				C9F80492187A333D00EE4EDE /* Model.xcdatamodeld */,
				BF1B4EC218E08128004841FE /* CatInTrip.h */,
				BF1B4EC318E08128004841FE /* CatInTrip.m */,
				BF1B4EBF18E08127004841FE /* Itemcategory.h */,
				BF1B4EC018E08127004841FE /* Itemcategory.m */,
				C9D28AFA18E00B9F00304370 /* Trip.h */,
				C9D28AFB18E00B9F00304370 /* Trip.m */,
				04ED46EE18A64CAF004EA22E /* Trip+Days.h */,
				04ED46EF18A64CAF004EA22E /* Trip+Days.m */,
				C964B93218D43061002EF48C /* Day.h */,
				C964B93318D43061002EF48C /* Day.m */,
				0409B6F01892B763000C6DF6 /* Day+TripDay.h */,
				0409B6F11892B763000C6DF6 /* Day+TripDay.m */,
				C964B92C18D42BBB002EF48C /* Day+Expend.h */,
				C964B92D18D42BBB002EF48C /* Day+Expend.m */,
				C9D28AF418E00B9E00304370 /* Receipt.h */,
				C9C4097C18E73D6700E1F3FE /* Receipt+Calculate.h */,
				C9C4097D18E73D6700E1F3FE /* Receipt+Calculate.m */,
				C9D28AF518E00B9E00304370 /* Receipt.m */,
				C9D28B0918E00B9F00304370 /* Item.h */,
				C9D28B0A18E00B9F00304370 /* Item.m */,
				C9D28B0318E00B9F00304370 /* Guy.h */,
				C9D28B0418E00B9F00304370 /* Guy.m */,
				C9D28B0018E00B9F00304370 /* Group.h */,
				C9D28B0118E00B9F00304370 /* Group.m */,
				C9D28AF718E00B9F00304370 /* GuyInGroup.h */,
				C9D28AF818E00B9F00304370 /* GuyInGroup.m */,
				C964B92F18D42FDC002EF48C /* Currency.h */,
				C964B93018D42FDC002EF48C /* Currency.m */,
				C909F36C18D0125800E02B8D /* DayCurrency.h */,
				C909F36D18D0125800E02B8D /* DayCurrency.m */,
			);
			name = CoreDataModel;
			sourceTree = "<group>";
		};
		C9DBFFF7186B187D00F3B008 = {
			isa = PBXGroup;
			children = (
				C9DB0009186B187E00F3B008 /* TryTravel2gether */,
				C9DB0028186B187E00F3B008 /* TryTravel2getherTests */,
				C9DB0002186B187D00F3B008 /* Frameworks */,
				C9DB0001186B187D00F3B008 /* Products */,
			);
			sourceTree = "<group>";
		};
		C9F64D3318E708D80005ED24 /* CustController */ = {
			isa = PBXGroup;
			children = (
				C9F64D3418E709A00005ED24 /* NWCustCellTitleSubDetail.h */,
				C9F64D3518E709A00005ED24 /* NWCustCellTitleSubDetail.m */,
			);
			name = CustController;
			sourceTree = "<group>";
		};
		C9F804A1187A34B400EE4EDE /* Controller */ = {
			isa = PBXGroup;
			children = (
				040A631D188ADB7B0084A3EC /* CoreDataTableViewCell.h */,
				040A631E188ADB7B0084A3EC /* CoreDataTableViewCell.m */,
				C9F804F8187A74DB00EE4EDE /* CoreDataTableViewController.h */,
				C9F804F9187A74DB00EE4EDE /* CoreDataTableViewController.m */,
				C913902D18F05EB20069EAC2 /* Trip */,
				C913902F18F05ED90069EAC2 /* Day */,
				040A6323188ADE480084A3EC /* TripDaysTVC.h */,
				040A6324188ADE480084A3EC /* TripDaysTVC.m */,
				1859D0FC18F00AD200C93338 /* SelectGuysCDTVC.h */,
				1859D0FD18F00AD200C93338 /* SelectGuysCDTVC.m */,
				C913903018F05F320069EAC2 /* Receipt */,
				C913903118F05F580069EAC2 /* Item */,
				C909F35118D00FE600E02B8D /* CurrencyCDTVC.h */,
				C909F35218D00FE600E02B8D /* CurrencyCDTVC.m */,
				C913902A18F034420069EAC2 /* CategoriesCDTVC.h */,
				C913902B18F034420069EAC2 /* CategoriesCDTVC.m */,
				C913902E18F05EC60069EAC2 /* Guy */,
				C913902718F01D060069EAC2 /* SettingsTVC.h */,
				C913902818F01D060069EAC2 /* SettingsTVC.m */,
				C96AC7B118F10EBB0037DA8B /* AddCategoryTVC.h */,
				C96AC7B218F10EBB0037DA8B /* AddCategoryTVC.m */,
				C96AC7B418F24D410037DA8B /* SelectCategoryCDTVC.h */,
				C96AC7B518F24D410037DA8B /* SelectCategoryCDTVC.m */,
			);
			name = Controller;
			sourceTree = "<group>";
		};
		C9F804A2187A34EB00EE4EDE /* View */ = {
			isa = PBXGroup;
			children = (
				C9DB0015186B187E00F3B008 /* Main.storyboard */,
			);
			name = View;
			sourceTree = "<group>";
		};
/* End PBXGroup section */

/* Begin PBXNativeTarget section */
		C9DB0020186B187E00F3B008 /* TryTravel2getherTests */ = {
			isa = PBXNativeTarget;
			buildConfigurationList = C9DB0035186B187E00F3B008 /* Build configuration list for PBXNativeTarget "TryTravel2getherTests" */;
			buildPhases = (
				C9DB001D186B187E00F3B008 /* Sources */,
				C9DB001E186B187E00F3B008 /* Frameworks */,
				C9DB001F186B187E00F3B008 /* Resources */,
			);
			buildRules = (
			);
			dependencies = (
				C9DB0027186B187E00F3B008 /* PBXTargetDependency */,
			);
			name = TryTravel2getherTests;
			productName = TryTravel2getherTests;
			productReference = C9DB0021186B187E00F3B008 /* TryTravel2getherTests.xctest */;
			productType = "com.apple.product-type.bundle.unit-test";
		};
		C9DBFFFF186B187D00F3B008 /* TryTravel2gether */ = {
			isa = PBXNativeTarget;
			buildConfigurationList = C9DB0032186B187E00F3B008 /* Build configuration list for PBXNativeTarget "TryTravel2gether" */;
			buildPhases = (
				C9DBFFFC186B187D00F3B008 /* Sources */,
				C9DBFFFD186B187D00F3B008 /* Frameworks */,
				C9DBFFFE186B187D00F3B008 /* Resources */,
			);
			buildRules = (
			);
			dependencies = (
			);
			name = TryTravel2gether;
			productName = TryTravel2gether;
			productReference = C9DB0000186B187D00F3B008 /* TryTravel2gether.app */;
			productType = "com.apple.product-type.application";
		};
/* End PBXNativeTarget section */

/* Begin PBXProject section */
		C9DBFFF8186B187D00F3B008 /* Project object */ = {
			isa = PBXProject;
			attributes = {
				CLASSPREFIX = nw;
				LastUpgradeCheck = 0510;
				ORGANIZATIONNAME = NW;
				TargetAttributes = {
					C9DB0020186B187E00F3B008 = {
						TestTargetID = C9DBFFFF186B187D00F3B008;
					};
				};
			};
			buildConfigurationList = C9DBFFFB186B187D00F3B008 /* Build configuration list for PBXProject "TryTravel2gether" */;
			compatibilityVersion = "Xcode 3.2";
			developmentRegion = English;
			hasScannedForEncodings = 0;
			knownRegions = (
				en,
				Base,
			);
			mainGroup = C9DBFFF7186B187D00F3B008;
			productRefGroup = C9DB0001186B187D00F3B008 /* Products */;
			projectDirPath = "";
			projectRoot = "";
			targets = (
				C9DBFFFF186B187D00F3B008 /* TryTravel2gether */,
				C9DB0020186B187E00F3B008 /* TryTravel2getherTests */,
			);
		};
/* End PBXProject section */

/* Begin PBXResourcesBuildPhase section */
		C9DB001F186B187E00F3B008 /* Resources */ = {
			isa = PBXResourcesBuildPhase;
			buildActionMask = 2147483647;
			files = (
				C9DB002D186B187E00F3B008 /* InfoPlist.strings in Resources */,
			);
			runOnlyForDeploymentPostprocessing = 0;
		};
		C9DBFFFE186B187D00F3B008 /* Resources */ = {
			isa = PBXResourcesBuildPhase;
			buildActionMask = 2147483647;
			files = (
				C9C4098418E8758900E1F3FE /* NWCustCellTitleSubDetail.xib in Resources */,
				C9DB000E186B187E00F3B008 /* InfoPlist.strings in Resources */,
				C903A89B18D46D76009708C6 /* Images.xcassets in Resources */,
				C9DB0017186B187E00F3B008 /* Main.storyboard in Resources */,
			);
			runOnlyForDeploymentPostprocessing = 0;
		};
/* End PBXResourcesBuildPhase section */

/* Begin PBXSourcesBuildPhase section */
		C9DB001D186B187E00F3B008 /* Sources */ = {
			isa = PBXSourcesBuildPhase;
			buildActionMask = 2147483647;
			files = (
				C9DB002F186B187E00F3B008 /* TryTravel2getherTests.m in Sources */,
			);
			runOnlyForDeploymentPostprocessing = 0;
		};
		C9DBFFFC186B187D00F3B008 /* Sources */ = {
			isa = PBXSourcesBuildPhase;
			buildActionMask = 2147483647;
			files = (
				18B8143F18E6E9740089BF0B /* AddGuyTVC.m in Sources */,
				C9F804AA187A4C9B00EE4EDE /* AddTripTVC.m in Sources */,
				C95AFA031886733B00DF057E /* DaysCDTVC.m in Sources */,
				C9D28B0B18E00B9F00304370 /* Item.m in Sources */,
				C90D484118DADC7500367316 /* NWUserSettings.m in Sources */,
				C97365F218E6EA170060583A /* ItemsCDTVC.m in Sources */,
				C9F804FD187AA42C00EE4EDE /* TripDetailTVC.m in Sources */,
				C9F804FA187A74DB00EE4EDE /* CoreDataTableViewController.m in Sources */,
				C9C4097E18E73D6700E1F3FE /* Receipt+Calculate.m in Sources */,
				C9C4097B18E7247600E1F3FE /* AddItemTVC.m in Sources */,
				0409B6F51893BEAE000C6DF6 /* AddDayTVC.m in Sources */,
				C9DB0010186B187E00F3B008 /* main.m in Sources */,
				04ED46F018A64CAF004EA22E /* Trip+Days.m in Sources */,
				C913902C18F034420069EAC2 /* CategoriesCDTVC.m in Sources */,
				1859D0FE18F00AD200C93338 /* SelectGuysCDTVC.m in Sources */,
				04858D4018AA63F000A81340 /* DayDetailTVC.m in Sources */,
				C964B93118D42FDC002EF48C /* Currency.m in Sources */,
				0409B6F21892B763000C6DF6 /* Day+TripDay.m in Sources */,
				C9F80494187A333D00EE4EDE /* Model.xcdatamodeld in Sources */,
				C9F804A7187A4C7800EE4EDE /* TripsCDTVC.m in Sources */,
				C913902918F01D060069EAC2 /* SettingsTVC.m in Sources */,
				040A6325188ADE480084A3EC /* TripDaysTVC.m in Sources */,
				C9D28AFC18E00B9F00304370 /* Trip.m in Sources */,
				C9D28AF918E00B9F00304370 /* GuyInGroup.m in Sources */,
				C909F35318D00FE600E02B8D /* CurrencyCDTVC.m in Sources */,
				040A631F188ADB7B0084A3EC /* CoreDataTableViewCell.m in Sources */,
				BF1B4EC418E08128004841FE /* CatInTrip.m in Sources */,
				C909F36E18D0125800E02B8D /* DayCurrency.m in Sources */,
				C9F804F7187A733000EE4EDE /* nwAppDelegate.m in Sources */,
				BF1B4EC118E08127004841FE /* Itemcategory.m in Sources */,
				C96AC7B318F10EBB0037DA8B /* AddCategoryTVC.m in Sources */,
				C9D28AF618E00B9E00304370 /* Receipt.m in Sources */,
				C9F64D3618E709A00005ED24 /* NWCustCellTitleSubDetail.m in Sources */,
				18B8144218E6E9B80089BF0B /* GuysCDTVC.m in Sources */,
				C980686718E0B4C200841064 /* ReceiptDetailTVC.m in Sources */,
				C9DB003E186B197400F3B008 /* TourModel.xcdatamodeld in Sources */,
				C96AC7B618F24D410037DA8B /* SelectCategoryCDTVC.m in Sources */,
				C964B92E18D42BBB002EF48C /* Day+Expend.m in Sources */,
				C9D28B0218E00B9F00304370 /* Group.m in Sources */,
				C9D28B0518E00B9F00304370 /* Guy.m in Sources */,
				C964B93418D43061002EF48C /* Day.m in Sources */,
				04A04665188A4B5D00D98809 /* AddReceiptTVC.m in Sources */,
			);
			runOnlyForDeploymentPostprocessing = 0;
		};
/* End PBXSourcesBuildPhase section */

/* Begin PBXTargetDependency section */
		C9DB0027186B187E00F3B008 /* PBXTargetDependency */ = {
			isa = PBXTargetDependency;
			target = C9DBFFFF186B187D00F3B008 /* TryTravel2gether */;
			targetProxy = C9DB0026186B187E00F3B008 /* PBXContainerItemProxy */;
		};
/* End PBXTargetDependency section */

/* Begin PBXVariantGroup section */
		C9DB000C186B187E00F3B008 /* InfoPlist.strings */ = {
			isa = PBXVariantGroup;
			children = (
				C9DB000D186B187E00F3B008 /* en */,
			);
			name = InfoPlist.strings;
			sourceTree = "<group>";
		};
		C9DB0015186B187E00F3B008 /* Main.storyboard */ = {
			isa = PBXVariantGroup;
			children = (
				C9DB0016186B187E00F3B008 /* Base */,
			);
			name = Main.storyboard;
			sourceTree = "<group>";
		};
		C9DB002B186B187E00F3B008 /* InfoPlist.strings */ = {
			isa = PBXVariantGroup;
			children = (
				C9DB002C186B187E00F3B008 /* en */,
			);
			name = InfoPlist.strings;
			sourceTree = "<group>";
		};
/* End PBXVariantGroup section */

/* Begin XCBuildConfiguration section */
		C9DB0030186B187E00F3B008 /* Debug */ = {
			isa = XCBuildConfiguration;
			buildSettings = {
				ALWAYS_SEARCH_USER_PATHS = NO;
				CLANG_CXX_LANGUAGE_STANDARD = "gnu++0x";
				CLANG_CXX_LIBRARY = "libc++";
				CLANG_ENABLE_MODULES = YES;
				CLANG_ENABLE_OBJC_ARC = YES;
				CLANG_WARN_BOOL_CONVERSION = YES;
				CLANG_WARN_CONSTANT_CONVERSION = YES;
				CLANG_WARN_DIRECT_OBJC_ISA_USAGE = YES_ERROR;
				CLANG_WARN_EMPTY_BODY = YES;
				CLANG_WARN_ENUM_CONVERSION = YES;
				CLANG_WARN_INT_CONVERSION = YES;
				CLANG_WARN_OBJC_ROOT_CLASS = YES_ERROR;
				CLANG_WARN__DUPLICATE_METHOD_MATCH = YES;
				"CODE_SIGN_IDENTITY[sdk=iphoneos*]" = "iPhone Developer";
				COPY_PHASE_STRIP = NO;
				GCC_C_LANGUAGE_STANDARD = gnu99;
				GCC_DYNAMIC_NO_PIC = NO;
				GCC_OPTIMIZATION_LEVEL = 0;
				GCC_PREPROCESSOR_DEFINITIONS = (
					"DEBUG=1",
					"$(inherited)",
				);
				GCC_SYMBOLS_PRIVATE_EXTERN = NO;
				GCC_WARN_64_TO_32_BIT_CONVERSION = YES;
				GCC_WARN_ABOUT_RETURN_TYPE = YES_ERROR;
				GCC_WARN_UNDECLARED_SELECTOR = YES;
				GCC_WARN_UNINITIALIZED_AUTOS = YES;
				GCC_WARN_UNUSED_FUNCTION = YES;
				GCC_WARN_UNUSED_VARIABLE = YES;
				IPHONEOS_DEPLOYMENT_TARGET = 7.0;
				ONLY_ACTIVE_ARCH = YES;
				SDKROOT = iphoneos;
			};
			name = Debug;
		};
		C9DB0031186B187E00F3B008 /* Release */ = {
			isa = XCBuildConfiguration;
			buildSettings = {
				ALWAYS_SEARCH_USER_PATHS = NO;
				CLANG_CXX_LANGUAGE_STANDARD = "gnu++0x";
				CLANG_CXX_LIBRARY = "libc++";
				CLANG_ENABLE_MODULES = YES;
				CLANG_ENABLE_OBJC_ARC = YES;
				CLANG_WARN_BOOL_CONVERSION = YES;
				CLANG_WARN_CONSTANT_CONVERSION = YES;
				CLANG_WARN_DIRECT_OBJC_ISA_USAGE = YES_ERROR;
				CLANG_WARN_EMPTY_BODY = YES;
				CLANG_WARN_ENUM_CONVERSION = YES;
				CLANG_WARN_INT_CONVERSION = YES;
				CLANG_WARN_OBJC_ROOT_CLASS = YES_ERROR;
				CLANG_WARN__DUPLICATE_METHOD_MATCH = YES;
				"CODE_SIGN_IDENTITY[sdk=iphoneos*]" = "iPhone Developer";
				COPY_PHASE_STRIP = YES;
				ENABLE_NS_ASSERTIONS = NO;
				GCC_C_LANGUAGE_STANDARD = gnu99;
				GCC_WARN_64_TO_32_BIT_CONVERSION = YES;
				GCC_WARN_ABOUT_RETURN_TYPE = YES_ERROR;
				GCC_WARN_UNDECLARED_SELECTOR = YES;
				GCC_WARN_UNINITIALIZED_AUTOS = YES;
				GCC_WARN_UNUSED_FUNCTION = YES;
				GCC_WARN_UNUSED_VARIABLE = YES;
				IPHONEOS_DEPLOYMENT_TARGET = 7.0;
				SDKROOT = iphoneos;
				VALIDATE_PRODUCT = YES;
			};
			name = Release;
		};
		C9DB0033186B187E00F3B008 /* Debug */ = {
			isa = XCBuildConfiguration;
			buildSettings = {
				ASSETCATALOG_COMPILER_APPICON_NAME = AppIcon;
				ASSETCATALOG_COMPILER_LAUNCHIMAGE_NAME = LaunchImage;
				GCC_PRECOMPILE_PREFIX_HEADER = YES;
				GCC_PREFIX_HEADER = "TryTravel2gether/TryTravel2gether-Prefix.pch";
				INFOPLIST_FILE = "TryTravel2gether/TryTravel2gether-Info.plist";
				PRODUCT_NAME = "$(TARGET_NAME)";
				WRAPPER_EXTENSION = app;
			};
			name = Debug;
		};
		C9DB0034186B187E00F3B008 /* Release */ = {
			isa = XCBuildConfiguration;
			buildSettings = {
				ASSETCATALOG_COMPILER_APPICON_NAME = AppIcon;
				ASSETCATALOG_COMPILER_LAUNCHIMAGE_NAME = LaunchImage;
				GCC_PRECOMPILE_PREFIX_HEADER = YES;
				GCC_PREFIX_HEADER = "TryTravel2gether/TryTravel2gether-Prefix.pch";
				INFOPLIST_FILE = "TryTravel2gether/TryTravel2gether-Info.plist";
				PRODUCT_NAME = "$(TARGET_NAME)";
				WRAPPER_EXTENSION = app;
			};
			name = Release;
		};
		C9DB0036186B187E00F3B008 /* Debug */ = {
			isa = XCBuildConfiguration;
			buildSettings = {
				BUNDLE_LOADER = "$(BUILT_PRODUCTS_DIR)/TryTravel2gether.app/TryTravel2gether";
				FRAMEWORK_SEARCH_PATHS = (
					"$(SDKROOT)/Developer/Library/Frameworks",
					"$(inherited)",
					"$(DEVELOPER_FRAMEWORKS_DIR)",
				);
				GCC_PRECOMPILE_PREFIX_HEADER = YES;
				GCC_PREFIX_HEADER = "TryTravel2gether/TryTravel2gether-Prefix.pch";
				GCC_PREPROCESSOR_DEFINITIONS = (
					"DEBUG=1",
					"$(inherited)",
				);
				INFOPLIST_FILE = "TryTravel2getherTests/TryTravel2getherTests-Info.plist";
				PRODUCT_NAME = "$(TARGET_NAME)";
				TEST_HOST = "$(BUNDLE_LOADER)";
				WRAPPER_EXTENSION = xctest;
			};
			name = Debug;
		};
		C9DB0037186B187E00F3B008 /* Release */ = {
			isa = XCBuildConfiguration;
			buildSettings = {
				BUNDLE_LOADER = "$(BUILT_PRODUCTS_DIR)/TryTravel2gether.app/TryTravel2gether";
				FRAMEWORK_SEARCH_PATHS = (
					"$(SDKROOT)/Developer/Library/Frameworks",
					"$(inherited)",
					"$(DEVELOPER_FRAMEWORKS_DIR)",
				);
				GCC_PRECOMPILE_PREFIX_HEADER = YES;
				GCC_PREFIX_HEADER = "TryTravel2gether/TryTravel2gether-Prefix.pch";
				INFOPLIST_FILE = "TryTravel2getherTests/TryTravel2getherTests-Info.plist";
				PRODUCT_NAME = "$(TARGET_NAME)";
				TEST_HOST = "$(BUNDLE_LOADER)";
				WRAPPER_EXTENSION = xctest;
			};
			name = Release;
		};
/* End XCBuildConfiguration section */

/* Begin XCConfigurationList section */
		C9DB0032186B187E00F3B008 /* Build configuration list for PBXNativeTarget "TryTravel2gether" */ = {
			isa = XCConfigurationList;
			buildConfigurations = (
				C9DB0033186B187E00F3B008 /* Debug */,
				C9DB0034186B187E00F3B008 /* Release */,
			);
			defaultConfigurationIsVisible = 0;
			defaultConfigurationName = Release;
		};
		C9DB0035186B187E00F3B008 /* Build configuration list for PBXNativeTarget "TryTravel2getherTests" */ = {
			isa = XCConfigurationList;
			buildConfigurations = (
				C9DB0036186B187E00F3B008 /* Debug */,
				C9DB0037186B187E00F3B008 /* Release */,
			);
			defaultConfigurationIsVisible = 0;
			defaultConfigurationName = Release;
		};
		C9DBFFFB186B187D00F3B008 /* Build configuration list for PBXProject "TryTravel2gether" */ = {
			isa = XCConfigurationList;
			buildConfigurations = (
				C9DB0030186B187E00F3B008 /* Debug */,
				C9DB0031186B187E00F3B008 /* Release */,
			);
			defaultConfigurationIsVisible = 0;
			defaultConfigurationName = Release;
		};
/* End XCConfigurationList section */

/* Begin XCVersionGroup section */
		C9DB003C186B197400F3B008 /* TourModel.xcdatamodeld */ = {
			isa = XCVersionGroup;
			children = (
				C9DB003D186B197400F3B008 /* TourModel.xcdatamodel */,
			);
			currentVersion = C9DB003D186B197400F3B008 /* TourModel.xcdatamodel */;
			path = TourModel.xcdatamodeld;
			sourceTree = "<group>";
			versionGroupType = wrapper.xcdatamodel;
		};
		C9F80492187A333D00EE4EDE /* Model.xcdatamodeld */ = {
			isa = XCVersionGroup;
			children = (
				04E6AF7818AF6AFB007714A3 /* Model 3_MoneyType.xcdatamodel */,
				C9D28ADB18DFFFC200304370 /* Model 4_ItemCategoryGuyGroup.xcdatamodel */,
				04A0464D1886DFAF00D98809 /* Model 2_receipts_photos.xcdatamodel */,
				C9F80493187A333D00EE4EDE /* Model.xcdatamodel */,
			);
			currentVersion = C9D28ADB18DFFFC200304370 /* Model 4_ItemCategoryGuyGroup.xcdatamodel */;
			path = Model.xcdatamodeld;
			sourceTree = "<group>";
			versionGroupType = wrapper.xcdatamodel;
		};
/* End XCVersionGroup section */
	};
	rootObject = C9DBFFF8186B187D00F3B008 /* Project object */;
}
